// !$*UTF8*$!
{
	archiveVersion = 1;
	classes = {
	};
	objectVersion = 55;
	objects = {

/* Begin PBXBuildFile section */
		D0E3E80A2821F82800300BE5 /* E13App.swift in Sources */ = {isa = PBXBuildFile; fileRef = D0E3E8092821F82800300BE5 /* E13App.swift */; };
		D0E3E80C2821F82800300BE5 /* ContentView.swift in Sources */ = {isa = PBXBuildFile; fileRef = D0E3E80B2821F82800300BE5 /* ContentView.swift */; };
		D0E3E80E2821F82900300BE5 /* Assets.xcassets in Resources */ = {isa = PBXBuildFile; fileRef = D0E3E80D2821F82900300BE5 /* Assets.xcassets */; };
		D0E3E8112821F82900300BE5 /* Preview Assets.xcassets in Resources */ = {isa = PBXBuildFile; fileRef = D0E3E8102821F82900300BE5 /* Preview Assets.xcassets */; };
		D0E3E81B2821F82900300BE5 /* E13Tests.swift in Sources */ = {isa = PBXBuildFile; fileRef = D0E3E81A2821F82900300BE5 /* E13Tests.swift */; };
		D0E3E8342821F83A00300BE5 /* Numbers.swift in Sources */ = {isa = PBXBuildFile; fileRef = D0E3E8332821F83A00300BE5 /* Numbers.swift */; };
/* End PBXBuildFile section */

/* Begin PBXContainerItemProxy section */
		D0E3E8172821F82900300BE5 /* PBXContainerItemProxy */ = {
			isa = PBXContainerItemProxy;
			containerPortal = D0E3E7FE2821F82800300BE5 /* Project object */;
			proxyType = 1;
			remoteGlobalIDString = D0E3E8052821F82800300BE5;
			remoteInfo = E13;
		};
/* End PBXContainerItemProxy section */

/* Begin PBXFileReference section */
		D0E3E8062821F82800300BE5 /* E13.app */ = {isa = PBXFileReference; explicitFileType = wrapper.application; includeInIndex = 0; path = E13.app; sourceTree = BUILT_PRODUCTS_DIR; };
		D0E3E8092821F82800300BE5 /* E13App.swift */ = {isa = PBXFileReference; lastKnownFileType = sourcecode.swift; path = E13App.swift; sourceTree = "<group>"; };
		D0E3E80B2821F82800300BE5 /* ContentView.swift */ = {isa = PBXFileReference; lastKnownFileType = sourcecode.swift; path = ContentView.swift; sourceTree = "<group>"; };
		D0E3E80D2821F82900300BE5 /* Assets.xcassets */ = {isa = PBXFileReference; lastKnownFileType = folder.assetcatalog; path = Assets.xcassets; sourceTree = "<group>"; };
		D0E3E8102821F82900300BE5 /* Preview Assets.xcassets */ = {isa = PBXFileReference; lastKnownFileType = folder.assetcatalog; path = "Preview Assets.xcassets"; sourceTree = "<group>"; };
		D0E3E8162821F82900300BE5 /* E13Tests.xctest */ = {isa = PBXFileReference; explicitFileType = wrapper.cfbundle; includeInIndex = 0; path = E13Tests.xctest; sourceTree = BUILT_PRODUCTS_DIR; };
		D0E3E81A2821F82900300BE5 /* E13Tests.swift */ = {isa = PBXFileReference; lastKnownFileType = sourcecode.swift; path = E13Tests.swift; sourceTree = "<group>"; };
		D0E3E8332821F83A00300BE5 /* Numbers.swift */ = {isa = PBXFileReference; lastKnownFileType = sourcecode.swift; path = Numbers.swift; sourceTree = "<group>"; };
/* End PBXFileReference section */

/* Begin PBXFrameworksBuildPhase section */
		D0E3E8032821F82800300BE5 /* Frameworks */ = {
			isa = PBXFrameworksBuildPhase;
			buildActionMask = 2147483647;
			files = (
			);
			runOnlyForDeploymentPostprocessing = 0;
		};
		D0E3E8132821F82900300BE5 /* Frameworks */ = {
			isa = PBXFrameworksBuildPhase;
			buildActionMask = 2147483647;
			files = (
			);
			runOnlyForDeploymentPostprocessing = 0;
		};
/* End PBXFrameworksBuildPhase section */

/* Begin PBXGroup section */
		D0E3E7FD2821F82800300BE5 = {
			isa = PBXGroup;
			children = (
				D0E3E8082821F82800300BE5 /* E13 */,
				D0E3E8192821F82900300BE5 /* E13Tests */,
				D0E3E8072821F82800300BE5 /* Products */,
			);
			sourceTree = "<group>";
		};
		D0E3E8072821F82800300BE5 /* Products */ = {
			isa = PBXGroup;
			children = (
				D0E3E8062821F82800300BE5 /* E13.app */,
				D0E3E8162821F82900300BE5 /* E13Tests.xctest */,
			);
			name = Products;
			sourceTree = "<group>";
		};
		D0E3E8082821F82800300BE5 /* E13 */ = {
			isa = PBXGroup;
			children = (
				D0E3E8092821F82800300BE5 /* E13App.swift */,
				D0E3E80B2821F82800300BE5 /* ContentView.swift */,
				D0E3E8332821F83A00300BE5 /* Numbers.swift */,
				D0E3E80D2821F82900300BE5 /* Assets.xcassets */,
				D0E3E80F2821F82900300BE5 /* Preview Content */,
			);
			path = E13;
			sourceTree = "<group>";
		};
		D0E3E80F2821F82900300BE5 /* Preview Content */ = {
			isa = PBXGroup;
			children = (
				D0E3E8102821F82900300BE5 /* Preview Assets.xcassets */,
			);
			path = "Preview Content";
			sourceTree = "<group>";
		};
		D0E3E8192821F82900300BE5 /* E13Tests */ = {
			isa = PBXGroup;
			children = (
				D0E3E81A2821F82900300BE5 /* E13Tests.swift */,
			);
			path = E13Tests;
			sourceTree = "<group>";
		};
/* End PBXGroup section */

/* Begin PBXNativeTarget section */
		D0E3E8052821F82800300BE5 /* E13 */ = {
			isa = PBXNativeTarget;
			buildConfigurationList = D0E3E82A2821F82900300BE5 /* Build configuration list for PBXNativeTarget "E13" */;
			buildPhases = (
				D0E3E8022821F82800300BE5 /* Sources */,
				D0E3E8032821F82800300BE5 /* Frameworks */,
				D0E3E8042821F82800300BE5 /* Resources */,
			);
			buildRules = (
			);
			dependencies = (
			);
			name = E13;
			productName = E13;
			productReference = D0E3E8062821F82800300BE5 /* E13.app */;
			productType = "com.apple.product-type.application";
		};
		D0E3E8152821F82900300BE5 /* E13Tests */ = {
			isa = PBXNativeTarget;
			buildConfigurationList = D0E3E82D2821F82900300BE5 /* Build configuration list for PBXNativeTarget "E13Tests" */;
			buildPhases = (
				D0E3E8122821F82900300BE5 /* Sources */,
				D0E3E8132821F82900300BE5 /* Frameworks */,
				D0E3E8142821F82900300BE5 /* Resources */,
			);
			buildRules = (
			);
			dependencies = (
				D0E3E8182821F82900300BE5 /* PBXTargetDependency */,
			);
			name = E13Tests;
			productName = E13Tests;
			productReference = D0E3E8162821F82900300BE5 /* E13Tests.xctest */;
			productType = "com.apple.product-type.bundle.unit-test";
		};
/* End PBXNativeTarget section */

/* Begin PBXProject section */
		D0E3E7FE2821F82800300BE5 /* Project object */ = {
			isa = PBXProject;
			attributes = {
				BuildIndependentTargetsInParallel = 1;
				LastSwiftUpdateCheck = 1320;
				LastUpgradeCheck = 1320;
				TargetAttributes = {
					D0E3E8052821F82800300BE5 = {
						CreatedOnToolsVersion = 13.2.1;
					};
					D0E3E8152821F82900300BE5 = {
						CreatedOnToolsVersion = 13.2.1;
						TestTargetID = D0E3E8052821F82800300BE5;
					};
				};
			};
			buildConfigurationList = D0E3E8012821F82800300BE5 /* Build configuration list for PBXProject "E13" */;
			compatibilityVersion = "Xcode 13.0";
			developmentRegion = en;
			hasScannedForEncodings = 0;
			knownRegions = (
				en,
				Base,
			);
			mainGroup = D0E3E7FD2821F82800300BE5;
			productRefGroup = D0E3E8072821F82800300BE5 /* Products */;
			projectDirPath = "";
			projectRoot = "";
			targets = (
				D0E3E8052821F82800300BE5 /* E13 */,
				D0E3E8152821F82900300BE5 /* E13Tests */,
			);
		};
/* End PBXProject section */

/* Begin PBXResourcesBuildPhase section */
		D0E3E8042821F82800300BE5 /* Resources */ = {
			isa = PBXResourcesBuildPhase;
			buildActionMask = 2147483647;
			files = (
				D0E3E8112821F82900300BE5 /* Preview Assets.xcassets in Resources */,
				D0E3E80E2821F82900300BE5 /* Assets.xcassets in Resources */,
			);
			runOnlyForDeploymentPostprocessing = 0;
		};
		D0E3E8142821F82900300BE5 /* Resources */ = {
			isa = PBXResourcesBuildPhase;
			buildActionMask = 2147483647;
			files = (
			);
			runOnlyForDeploymentPostprocessing = 0;
		};
/* End PBXResourcesBuildPhase section */

/* Begin PBXSourcesBuildPhase section */
		D0E3E8022821F82800300BE5 /* Sources */ = {
			isa = PBXSourcesBuildPhase;
			buildActionMask = 2147483647;
			files = (
				D0E3E80C2821F82800300BE5 /* ContentView.swift in Sources */,
				D0E3E80A2821F82800300BE5 /* E13App.swift in Sources */,
				D0E3E8342821F83A00300BE5 /* Numbers.swift in Sources */,
			);
			runOnlyForDeploymentPostprocessing = 0;
		};
		D0E3E8122821F82900300BE5 /* Sources */ = {
			isa = PBXSourcesBuildPhase;
			buildActionMask = 2147483647;
			files = (
				D0E3E81B2821F82900300BE5 /* E13Tests.swift in Sources */,
			);
			runOnlyForDeploymentPostprocessing = 0;
		};
/* End PBXSourcesBuildPhase section */

/* Begin PBXTargetDependency section */
		D0E3E8182821F82900300BE5 /* PBXTargetDependency */ = {
			isa = PBXTargetDependency;
			target = D0E3E8052821F82800300BE5 /* E13 */;
			targetProxy = D0E3E8172821F82900300BE5 /* PBXContainerItemProxy */;
		};
/* End PBXTargetDependency section */

/* Begin XCBuildConfiguration section */
		D0E3E8282821F82900300BE5 /* Debug */ = {
			isa = XCBuildConfiguration;
			buildSettings = {
				ALWAYS_SEARCH_USER_PATHS = NO;
				CLANG_ANALYZER_NONNULL = YES;
				CLANG_ANALYZER_NUMBER_OBJECT_CONVERSION = YES_AGGRESSIVE;
				CLANG_CXX_LANGUAGE_STANDARD = "gnu++17";
				CLANG_CXX_LIBRARY = "libc++";
				CLANG_ENABLE_MODULES = YES;
				CLANG_ENABLE_OBJC_ARC = YES;
				CLANG_ENABLE_OBJC_WEAK = YES;
				CLANG_WARN_BLOCK_CAPTURE_AUTORELEASING = YES;
				CLANG_WARN_BOOL_CONVERSION = YES;
				CLANG_WARN_COMMA = YES;
				CLANG_WARN_CONSTANT_CONVERSION = YES;
				CLANG_WARN_DEPRECATED_OBJC_IMPLEMENTATIONS = YES;
				CLANG_WARN_DIRECT_OBJC_ISA_USAGE = YES_ERROR;
				CLANG_WARN_DOCUMENTATION_COMMENTS = YES;
				CLANG_WARN_EMPTY_BODY = YES;
				CLANG_WARN_ENUM_CONVERSION = YES;
				CLANG_WARN_INFINITE_RECURSION = YES;
				CLANG_WARN_INT_CONVERSION = YES;
				CLANG_WARN_NON_LITERAL_NULL_CONVERSION = YES;
				CLANG_WARN_OBJC_IMPLICIT_RETAIN_SELF = YES;
				CLANG_WARN_OBJC_LITERAL_CONVERSION = YES;
				CLANG_WARN_OBJC_ROOT_CLASS = YES_ERROR;
				CLANG_WARN_QUOTED_INCLUDE_IN_FRAMEWORK_HEADER = YES;
				CLANG_WARN_RANGE_LOOP_ANALYSIS = YES;
				CLANG_WARN_STRICT_PROTOTYPES = YES;
				CLANG_WARN_SUSPICIOUS_MOVE = YES;
				CLANG_WARN_UNGUARDED_AVAILABILITY = YES_AGGRESSIVE;
				CLANG_WARN_UNREACHABLE_CODE = YES;
				CLANG_WARN__DUPLICATE_METHOD_MATCH = YES;
				COPY_PHASE_STRIP = NO;
				DEBUG_INFORMATION_FORMAT = dwarf;
				ENABLE_STRICT_OBJC_MSGSEND = YES;
				ENABLE_TESTABILITY = YES;
				GCC_C_LANGUAGE_STANDARD = gnu11;
				GCC_DYNAMIC_NO_PIC = NO;
				GCC_NO_COMMON_BLOCKS = YES;
				GCC_OPTIMIZATION_LEVEL = 0;
				GCC_PREPROCESSOR_DEFINITIONS = (
					"DEBUG=1",
					"$(inherited)",
				);
				GCC_WARN_64_TO_32_BIT_CONVERSION = YES;
				GCC_WARN_ABOUT_RETURN_TYPE = YES_ERROR;
				GCC_WARN_UNDECLARED_SELECTOR = YES;
				GCC_WARN_UNINITIALIZED_AUTOS = YES_AGGRESSIVE;
				GCC_WARN_UNUSED_FUNCTION = YES;
				GCC_WARN_UNUSED_VARIABLE = YES;
				IPHONEOS_DEPLOYMENT_TARGET = 15.2;
				MTL_ENABLE_DEBUG_INFO = INCLUDE_SOURCE;
				MTL_FAST_MATH = YES;
				ONLY_ACTIVE_ARCH = YES;
				SDKROOT = iphoneos;
				SWIFT_ACTIVE_COMPILATION_CONDITIONS = DEBUG;
				SWIFT_OPTIMIZATION_LEVEL = "-Onone";
			};
			name = Debug;
		};
		D0E3E8292821F82900300BE5 /* Release */ = {
			isa = XCBuildConfiguration;
			buildSettings = {
				ALWAYS_SEARCH_USER_PATHS = NO;
				CLANG_ANALYZER_NONNULL = YES;
				CLANG_ANALYZER_NUMBER_OBJECT_CONVERSION = YES_AGGRESSIVE;
				CLANG_CXX_LANGUAGE_STANDARD = "gnu++17";
				CLANG_CXX_LIBRARY = "libc++";
				CLANG_ENABLE_MODULES = YES;
				CLANG_ENABLE_OBJC_ARC = YES;
				CLANG_ENABLE_OBJC_WEAK = YES;
				CLANG_WARN_BLOCK_CAPTURE_AUTORELEASING = YES;
				CLANG_WARN_BOOL_CONVERSION = YES;
				CLANG_WARN_COMMA = YES;
				CLANG_WARN_CONSTANT_CONVERSION = YES;
				CLANG_WARN_DEPRECATED_OBJC_IMPLEMENTATIONS = YES;
				CLANG_WARN_DIRECT_OBJC_ISA_USAGE = YES_ERROR;
				CLANG_WARN_DOCUMENTATION_COMMENTS = YES;
				CLANG_WARN_EMPTY_BODY = YES;
				CLANG_WARN_ENUM_CONVERSION = YES;
				CLANG_WARN_INFINITE_RECURSION = YES;
				CLANG_WARN_INT_CONVERSION = YES;
				CLANG_WARN_NON_LITERAL_NULL_CONVERSION = YES;
				CLANG_WARN_OBJC_IMPLICIT_RETAIN_SELF = YES;
				CLANG_WARN_OBJC_LITERAL_CONVERSION = YES;
				CLANG_WARN_OBJC_ROOT_CLASS = YES_ERROR;
				CLANG_WARN_QUOTED_INCLUDE_IN_FRAMEWORK_HEADER = YES;
				CLANG_WARN_RANGE_LOOP_ANALYSIS = YES;
				CLANG_WARN_STRICT_PROTOTYPES = YES;
				CLANG_WARN_SUSPICIOUS_MOVE = YES;
				CLANG_WARN_UNGUARDED_AVAILABILITY = YES_AGGRESSIVE;
				CLANG_WARN_UNREACHABLE_CODE = YES;
				CLANG_WARN__DUPLICATE_METHOD_MATCH = YES;
				COPY_PHASE_STRIP = NO;
				DEBUG_INFORMATION_FORMAT = "dwarf-with-dsym";
				ENABLE_NS_ASSERTIONS = NO;
				ENABLE_STRICT_OBJC_MSGSEND = YES;
				GCC_C_LANGUAGE_STANDARD = gnu11;
				GCC_NO_COMMON_BLOCKS = YES;
				GCC_WARN_64_TO_32_BIT_CONVERSION = YES;
				GCC_WARN_ABOUT_RETURN_TYPE = YES_ERROR;
				GCC_WARN_UNDECLARED_SELECTOR = YES;
				GCC_WARN_UNINITIALIZED_AUTOS = YES_AGGRESSIVE;
				GCC_WARN_UNUSED_FUNCTION = YES;
				GCC_WARN_UNUSED_VARIABLE = YES;
				IPHONEOS_DEPLOYMENT_TARGET = 15.2;
				MTL_ENABLE_DEBUG_INFO = NO;
				MTL_FAST_MATH = YES;
				SDKROOT = iphoneos;
				SWIFT_COMPILATION_MODE = wholemodule;
				SWIFT_OPTIMIZATION_LEVEL = "-O";
				VALIDATE_PRODUCT = YES;
			};
			name = Release;
		};
		D0E3E82B2821F82900300BE5 /* Debug */ = {
			isa = XCBuildConfiguration;
			buildSettings = {
				ASSETCATALOG_COMPILER_APPICON_NAME = AppIcon;
				ASSETCATALOG_COMPILER_GLOBAL_ACCENT_COLOR_NAME = AccentColor;
				CODE_SIGN_STYLE = Automatic;
				CURRENT_PROJECT_VERSION = 1;
				DEVELOPMENT_ASSET_PATHS = "\"E13/Preview Content\"";
				ENABLE_PREVIEWS = YES;
				GENERATE_INFOPLIST_FILE = YES;
				INFOPLIST_KEY_UIApplicationSceneManifest_Generation = YES;
				INFOPLIST_KEY_UIApplicationSupportsIndirectInputEvents = YES;
				INFOPLIST_KEY_UILaunchScreen_Generation = YES;
				INFOPLIST_KEY_UISupportedInterfaceOrientations_iPad = "UIInterfaceOrientationPortrait UIInterfaceOrientationPortraitUpsideDown UIInterfaceOrientationLandscapeLeft UIInterfaceOrientationLandscapeRight";
				INFOPLIST_KEY_UISupportedInterfaceOrientations_iPhone = "UIInterfaceOrientationPortrait UIInterfaceOrientationLandscapeLeft UIInterfaceOrientationLandscapeRight";
				LD_RUNPATH_SEARCH_PATHS = (
					"$(inherited)",
					"@executable_path/Frameworks",
				);
				MARKETING_VERSION = 1.0;
				PRODUCT_BUNDLE_IDENTIFIER = com.revature.E13;
				PRODUCT_NAME = "$(TARGET_NAME)";
				SWIFT_EMIT_LOC_STRINGS = YES;
				SWIFT_VERSION = 5.0;
				TARGETED_DEVICE_FAMILY = "1,2";
			};
			name = Debug;
		};
		D0E3E82C2821F82900300BE5 /* Release */ = {
			isa = XCBuildConfiguration;
			buildSettings = {
				ASSETCATALOG_COMPILER_APPICON_NAME = AppIcon;
				ASSETCATALOG_COMPILER_GLOBAL_ACCENT_COLOR_NAME = AccentColor;
				CODE_SIGN_STYLE = Automatic;
				CURRENT_PROJECT_VERSION = 1;
				DEVELOPMENT_ASSET_PATHS = "\"E13/Preview Content\"";
				ENABLE_PREVIEWS = YES;
				GENERATE_INFOPLIST_FILE = YES;
				INFOPLIST_KEY_UIApplicationSceneManifest_Generation = YES;
				INFOPLIST_KEY_UIApplicationSupportsIndirectInputEvents = YES;
				INFOPLIST_KEY_UILaunchScreen_Generation = YES;
				INFOPLIST_KEY_UISupportedInterfaceOrientations_iPad = "UIInterfaceOrientationPortrait UIInterfaceOrientationPortraitUpsideDown UIInterfaceOrientationLandscapeLeft UIInterfaceOrientationLandscapeRight";
				INFOPLIST_KEY_UISupportedInterfaceOrientations_iPhone = "UIInterfaceOrientationPortrait UIInterfaceOrientationLandscapeLeft UIInterfaceOrientationLandscapeRight";
				LD_RUNPATH_SEARCH_PATHS = (
					"$(inherited)",
					"@executable_path/Frameworks",
				);
				MARKETING_VERSION = 1.0;
				PRODUCT_BUNDLE_IDENTIFIER = com.revature.E13;
				PRODUCT_NAME = "$(TARGET_NAME)";
				SWIFT_EMIT_LOC_STRINGS = YES;
				SWIFT_VERSION = 5.0;
				TARGETED_DEVICE_FAMILY = "1,2";
			};
			name = Release;
		};
		D0E3E82E2821F82900300BE5 /* Debug */ = {
			isa = XCBuildConfiguration;
			buildSettings = {
				ALWAYS_EMBED_SWIFT_STANDARD_LIBRARIES = YES;
				BUNDLE_LOADER = "$(TEST_HOST)";
				CODE_SIGN_STYLE = Automatic;
				CURRENT_PROJECT_VERSION = 1;
				GENERATE_INFOPLIST_FILE = YES;
				IPHONEOS_DEPLOYMENT_TARGET = 15.2;
				MARKETING_VERSION = 1.0;
				PRODUCT_BUNDLE_IDENTIFIER = com.revature.E13Tests;
				PRODUCT_NAME = "$(TARGET_NAME)";
				SWIFT_EMIT_LOC_STRINGS = NO;
				SWIFT_VERSION = 5.0;
				TARGETED_DEVICE_FAMILY = "1,2";
				TEST_HOST = "$(BUILT_PRODUCTS_DIR)/E13.app/E13";
			};
			name = Debug;
		};
		D0E3E82F2821F82900300BE5 /* Release */ = {
			isa = XCBuildConfiguration;
			buildSettings = {
				ALWAYS_EMBED_SWIFT_STANDARD_LIBRARIES = YES;
				BUNDLE_LOADER = "$(TEST_HOST)";
				CODE_SIGN_STYLE = Automatic;
				CURRENT_PROJECT_VERSION = 1;
				GENERATE_INFOPLIST_FILE = YES;
				IPHONEOS_DEPLOYMENT_TARGET = 15.2;
				MARKETING_VERSION = 1.0;
				PRODUCT_BUNDLE_IDENTIFIER = com.revature.E13Tests;
				PRODUCT_NAME = "$(TARGET_NAME)";
				SWIFT_EMIT_LOC_STRINGS = NO;
				SWIFT_VERSION = 5.0;
				TARGETED_DEVICE_FAMILY = "1,2";
				TEST_HOST = "$(BUILT_PRODUCTS_DIR)/E13.app/E13";
			};
			name = Release;
		};
/* End XCBuildConfiguration section */

/* Begin XCConfigurationList section */
		D0E3E8012821F82800300BE5 /* Build configuration list for PBXProject "E13" */ = {
			isa = XCConfigurationList;
			buildConfigurations = (
				D0E3E8282821F82900300BE5 /* Debug */,
				D0E3E8292821F82900300BE5 /* Release */,
			);
			defaultConfigurationIsVisible = 0;
			defaultConfigurationName = Release;
		};
		D0E3E82A2821F82900300BE5 /* Build configuration list for PBXNativeTarget "E13" */ = {
			isa = XCConfigurationList;
			buildConfigurations = (
				D0E3E82B2821F82900300BE5 /* Debug */,
				D0E3E82C2821F82900300BE5 /* Release */,
			);
			defaultConfigurationIsVisible = 0;
			defaultConfigurationName = Release;
		};
		D0E3E82D2821F82900300BE5 /* Build configuration list for PBXNativeTarget "E13Tests" */ = {
			isa = XCConfigurationList;
			buildConfigurations = (
				D0E3E82E2821F82900300BE5 /* Debug */,
				D0E3E82F2821F82900300BE5 /* Release */,
			);
			defaultConfigurationIsVisible = 0;
			defaultConfigurationName = Release;
		};
/* End XCConfigurationList section */
	};
	rootObject = D0E3E7FE2821F82800300BE5 /* Project object */;
}
