// !$*UTF8*$!
{
	archiveVersion = 1;
	classes = {
	};
	objectVersion = 55;
	objects = {

/* Begin PBXBuildFile section */
		D0E3E8422822C6C700300BE5 /* E14App.swift in Sources */ = {isa = PBXBuildFile; fileRef = D0E3E8412822C6C700300BE5 /* E14App.swift */; };
		D0E3E8442822C6C700300BE5 /* ContentView.swift in Sources */ = {isa = PBXBuildFile; fileRef = D0E3E8432822C6C700300BE5 /* ContentView.swift */; };
		D0E3E8462822C6C800300BE5 /* Assets.xcassets in Resources */ = {isa = PBXBuildFile; fileRef = D0E3E8452822C6C800300BE5 /* Assets.xcassets */; };
		D0E3E8492822C6C800300BE5 /* Preview Assets.xcassets in Resources */ = {isa = PBXBuildFile; fileRef = D0E3E8482822C6C800300BE5 /* Preview Assets.xcassets */; };
		D0E3E8532822C6C800300BE5 /* E14Tests.swift in Sources */ = {isa = PBXBuildFile; fileRef = D0E3E8522822C6C800300BE5 /* E14Tests.swift */; };
		D0E3E86C2822C84B00300BE5 /* Collatz.swift in Sources */ = {isa = PBXBuildFile; fileRef = D0E3E86B2822C84B00300BE5 /* Collatz.swift */; };
/* End PBXBuildFile section */

/* Begin PBXContainerItemProxy section */
		D0E3E84F2822C6C800300BE5 /* PBXContainerItemProxy */ = {
			isa = PBXContainerItemProxy;
			containerPortal = D0E3E8362822C6C700300BE5 /* Project object */;
			proxyType = 1;
			remoteGlobalIDString = D0E3E83D2822C6C700300BE5;
			remoteInfo = E14;
		};
/* End PBXContainerItemProxy section */

/* Begin PBXFileReference section */
		D0E3E83E2822C6C700300BE5 /* E14.app */ = {isa = PBXFileReference; explicitFileType = wrapper.application; includeInIndex = 0; path = E14.app; sourceTree = BUILT_PRODUCTS_DIR; };
		D0E3E8412822C6C700300BE5 /* E14App.swift */ = {isa = PBXFileReference; lastKnownFileType = sourcecode.swift; path = E14App.swift; sourceTree = "<group>"; };
		D0E3E8432822C6C700300BE5 /* ContentView.swift */ = {isa = PBXFileReference; lastKnownFileType = sourcecode.swift; path = ContentView.swift; sourceTree = "<group>"; };
		D0E3E8452822C6C800300BE5 /* Assets.xcassets */ = {isa = PBXFileReference; lastKnownFileType = folder.assetcatalog; path = Assets.xcassets; sourceTree = "<group>"; };
		D0E3E8482822C6C800300BE5 /* Preview Assets.xcassets */ = {isa = PBXFileReference; lastKnownFileType = folder.assetcatalog; path = "Preview Assets.xcassets"; sourceTree = "<group>"; };
		D0E3E84E2822C6C800300BE5 /* E14Tests.xctest */ = {isa = PBXFileReference; explicitFileType = wrapper.cfbundle; includeInIndex = 0; path = E14Tests.xctest; sourceTree = BUILT_PRODUCTS_DIR; };
		D0E3E8522822C6C800300BE5 /* E14Tests.swift */ = {isa = PBXFileReference; lastKnownFileType = sourcecode.swift; path = E14Tests.swift; sourceTree = "<group>"; };
		D0E3E86B2822C84B00300BE5 /* Collatz.swift */ = {isa = PBXFileReference; lastKnownFileType = sourcecode.swift; path = Collatz.swift; sourceTree = "<group>"; };
/* End PBXFileReference section */

/* Begin PBXFrameworksBuildPhase section */
		D0E3E83B2822C6C700300BE5 /* Frameworks */ = {
			isa = PBXFrameworksBuildPhase;
			buildActionMask = 2147483647;
			files = (
			);
			runOnlyForDeploymentPostprocessing = 0;
		};
		D0E3E84B2822C6C800300BE5 /* Frameworks */ = {
			isa = PBXFrameworksBuildPhase;
			buildActionMask = 2147483647;
			files = (
			);
			runOnlyForDeploymentPostprocessing = 0;
		};
/* End PBXFrameworksBuildPhase section */

/* Begin PBXGroup section */
		D0E3E8352822C6C700300BE5 = {
			isa = PBXGroup;
			children = (
				D0E3E8402822C6C700300BE5 /* E14 */,
				D0E3E8512822C6C800300BE5 /* E14Tests */,
				D0E3E83F2822C6C700300BE5 /* Products */,
			);
			sourceTree = "<group>";
		};
		D0E3E83F2822C6C700300BE5 /* Products */ = {
			isa = PBXGroup;
			children = (
				D0E3E83E2822C6C700300BE5 /* E14.app */,
				D0E3E84E2822C6C800300BE5 /* E14Tests.xctest */,
			);
			name = Products;
			sourceTree = "<group>";
		};
		D0E3E8402822C6C700300BE5 /* E14 */ = {
			isa = PBXGroup;
			children = (
				D0E3E8412822C6C700300BE5 /* E14App.swift */,
				D0E3E8432822C6C700300BE5 /* ContentView.swift */,
				D0E3E86B2822C84B00300BE5 /* Collatz.swift */,
				D0E3E8452822C6C800300BE5 /* Assets.xcassets */,
				D0E3E8472822C6C800300BE5 /* Preview Content */,
			);
			path = E14;
			sourceTree = "<group>";
		};
		D0E3E8472822C6C800300BE5 /* Preview Content */ = {
			isa = PBXGroup;
			children = (
				D0E3E8482822C6C800300BE5 /* Preview Assets.xcassets */,
			);
			path = "Preview Content";
			sourceTree = "<group>";
		};
		D0E3E8512822C6C800300BE5 /* E14Tests */ = {
			isa = PBXGroup;
			children = (
				D0E3E8522822C6C800300BE5 /* E14Tests.swift */,
			);
			path = E14Tests;
			sourceTree = "<group>";
		};
/* End PBXGroup section */

/* Begin PBXNativeTarget section */
		D0E3E83D2822C6C700300BE5 /* E14 */ = {
			isa = PBXNativeTarget;
			buildConfigurationList = D0E3E8622822C6C800300BE5 /* Build configuration list for PBXNativeTarget "E14" */;
			buildPhases = (
				D0E3E83A2822C6C700300BE5 /* Sources */,
				D0E3E83B2822C6C700300BE5 /* Frameworks */,
				D0E3E83C2822C6C700300BE5 /* Resources */,
			);
			buildRules = (
			);
			dependencies = (
			);
			name = E14;
			productName = E14;
			productReference = D0E3E83E2822C6C700300BE5 /* E14.app */;
			productType = "com.apple.product-type.application";
		};
		D0E3E84D2822C6C800300BE5 /* E14Tests */ = {
			isa = PBXNativeTarget;
			buildConfigurationList = D0E3E8652822C6C800300BE5 /* Build configuration list for PBXNativeTarget "E14Tests" */;
			buildPhases = (
				D0E3E84A2822C6C800300BE5 /* Sources */,
				D0E3E84B2822C6C800300BE5 /* Frameworks */,
				D0E3E84C2822C6C800300BE5 /* Resources */,
			);
			buildRules = (
			);
			dependencies = (
				D0E3E8502822C6C800300BE5 /* PBXTargetDependency */,
			);
			name = E14Tests;
			productName = E14Tests;
			productReference = D0E3E84E2822C6C800300BE5 /* E14Tests.xctest */;
			productType = "com.apple.product-type.bundle.unit-test";
		};
/* End PBXNativeTarget section */

/* Begin PBXProject section */
		D0E3E8362822C6C700300BE5 /* Project object */ = {
			isa = PBXProject;
			attributes = {
				BuildIndependentTargetsInParallel = 1;
				LastSwiftUpdateCheck = 1320;
				LastUpgradeCheck = 1320;
				TargetAttributes = {
					D0E3E83D2822C6C700300BE5 = {
						CreatedOnToolsVersion = 13.2.1;
					};
					D0E3E84D2822C6C800300BE5 = {
						CreatedOnToolsVersion = 13.2.1;
						TestTargetID = D0E3E83D2822C6C700300BE5;
					};
				};
			};
			buildConfigurationList = D0E3E8392822C6C700300BE5 /* Build configuration list for PBXProject "E14" */;
			compatibilityVersion = "Xcode 13.0";
			developmentRegion = en;
			hasScannedForEncodings = 0;
			knownRegions = (
				en,
				Base,
			);
			mainGroup = D0E3E8352822C6C700300BE5;
			productRefGroup = D0E3E83F2822C6C700300BE5 /* Products */;
			projectDirPath = "";
			projectRoot = "";
			targets = (
				D0E3E83D2822C6C700300BE5 /* E14 */,
				D0E3E84D2822C6C800300BE5 /* E14Tests */,
			);
		};
/* End PBXProject section */

/* Begin PBXResourcesBuildPhase section */
		D0E3E83C2822C6C700300BE5 /* Resources */ = {
			isa = PBXResourcesBuildPhase;
			buildActionMask = 2147483647;
			files = (
				D0E3E8492822C6C800300BE5 /* Preview Assets.xcassets in Resources */,
				D0E3E8462822C6C800300BE5 /* Assets.xcassets in Resources */,
			);
			runOnlyForDeploymentPostprocessing = 0;
		};
		D0E3E84C2822C6C800300BE5 /* Resources */ = {
			isa = PBXResourcesBuildPhase;
			buildActionMask = 2147483647;
			files = (
			);
			runOnlyForDeploymentPostprocessing = 0;
		};
/* End PBXResourcesBuildPhase section */

/* Begin PBXSourcesBuildPhase section */
		D0E3E83A2822C6C700300BE5 /* Sources */ = {
			isa = PBXSourcesBuildPhase;
			buildActionMask = 2147483647;
			files = (
				D0E3E86C2822C84B00300BE5 /* Collatz.swift in Sources */,
				D0E3E8442822C6C700300BE5 /* ContentView.swift in Sources */,
				D0E3E8422822C6C700300BE5 /* E14App.swift in Sources */,
			);
			runOnlyForDeploymentPostprocessing = 0;
		};
		D0E3E84A2822C6C800300BE5 /* Sources */ = {
			isa = PBXSourcesBuildPhase;
			buildActionMask = 2147483647;
			files = (
				D0E3E8532822C6C800300BE5 /* E14Tests.swift in Sources */,
			);
			runOnlyForDeploymentPostprocessing = 0;
		};
/* End PBXSourcesBuildPhase section */

/* Begin PBXTargetDependency section */
		D0E3E8502822C6C800300BE5 /* PBXTargetDependency */ = {
			isa = PBXTargetDependency;
			target = D0E3E83D2822C6C700300BE5 /* E14 */;
			targetProxy = D0E3E84F2822C6C800300BE5 /* PBXContainerItemProxy */;
		};
/* End PBXTargetDependency section */

/* Begin XCBuildConfiguration section */
		D0E3E8602822C6C800300BE5 /* Debug */ = {
			isa = XCBuildConfiguration;
			buildSettings = {
				ALWAYS_SEARCH_USER_PATHS = NO;
				CLANG_ANALYZER_NONNULL = YES;
				CLANG_ANALYZER_NUMBER_OBJECT_CONVERSION = YES_AGGRESSIVE;
				CLANG_CXX_LANGUAGE_STANDARD = "gnu++17";
				CLANG_CXX_LIBRARY = "libc++";
				CLANG_ENABLE_MODULES = YES;
				CLANG_ENABLE_OBJC_ARC = YES;
				CLANG_ENABLE_OBJC_WEAK = YES;
				CLANG_WARN_BLOCK_CAPTURE_AUTORELEASING = YES;
				CLANG_WARN_BOOL_CONVERSION = YES;
				CLANG_WARN_COMMA = YES;
				CLANG_WARN_CONSTANT_CONVERSION = YES;
				CLANG_WARN_DEPRECATED_OBJC_IMPLEMENTATIONS = YES;
				CLANG_WARN_DIRECT_OBJC_ISA_USAGE = YES_ERROR;
				CLANG_WARN_DOCUMENTATION_COMMENTS = YES;
				CLANG_WARN_EMPTY_BODY = YES;
				CLANG_WARN_ENUM_CONVERSION = YES;
				CLANG_WARN_INFINITE_RECURSION = YES;
				CLANG_WARN_INT_CONVERSION = YES;
				CLANG_WARN_NON_LITERAL_NULL_CONVERSION = YES;
				CLANG_WARN_OBJC_IMPLICIT_RETAIN_SELF = YES;
				CLANG_WARN_OBJC_LITERAL_CONVERSION = YES;
				CLANG_WARN_OBJC_ROOT_CLASS = YES_ERROR;
				CLANG_WARN_QUOTED_INCLUDE_IN_FRAMEWORK_HEADER = YES;
				CLANG_WARN_RANGE_LOOP_ANALYSIS = YES;
				CLANG_WARN_STRICT_PROTOTYPES = YES;
				CLANG_WARN_SUSPICIOUS_MOVE = YES;
				CLANG_WARN_UNGUARDED_AVAILABILITY = YES_AGGRESSIVE;
				CLANG_WARN_UNREACHABLE_CODE = YES;
				CLANG_WARN__DUPLICATE_METHOD_MATCH = YES;
				COPY_PHASE_STRIP = NO;
				DEBUG_INFORMATION_FORMAT = dwarf;
				ENABLE_STRICT_OBJC_MSGSEND = YES;
				ENABLE_TESTABILITY = YES;
				GCC_C_LANGUAGE_STANDARD = gnu11;
				GCC_DYNAMIC_NO_PIC = NO;
				GCC_NO_COMMON_BLOCKS = YES;
				GCC_OPTIMIZATION_LEVEL = 0;
				GCC_PREPROCESSOR_DEFINITIONS = (
					"DEBUG=1",
					"$(inherited)",
				);
				GCC_WARN_64_TO_32_BIT_CONVERSION = YES;
				GCC_WARN_ABOUT_RETURN_TYPE = YES_ERROR;
				GCC_WARN_UNDECLARED_SELECTOR = YES;
				GCC_WARN_UNINITIALIZED_AUTOS = YES_AGGRESSIVE;
				GCC_WARN_UNUSED_FUNCTION = YES;
				GCC_WARN_UNUSED_VARIABLE = YES;
				IPHONEOS_DEPLOYMENT_TARGET = 15.2;
				MTL_ENABLE_DEBUG_INFO = INCLUDE_SOURCE;
				MTL_FAST_MATH = YES;
				ONLY_ACTIVE_ARCH = YES;
				SDKROOT = iphoneos;
				SWIFT_ACTIVE_COMPILATION_CONDITIONS = DEBUG;
				SWIFT_OPTIMIZATION_LEVEL = "-Onone";
			};
			name = Debug;
		};
		D0E3E8612822C6C800300BE5 /* Release */ = {
			isa = XCBuildConfiguration;
			buildSettings = {
				ALWAYS_SEARCH_USER_PATHS = NO;
				CLANG_ANALYZER_NONNULL = YES;
				CLANG_ANALYZER_NUMBER_OBJECT_CONVERSION = YES_AGGRESSIVE;
				CLANG_CXX_LANGUAGE_STANDARD = "gnu++17";
				CLANG_CXX_LIBRARY = "libc++";
				CLANG_ENABLE_MODULES = YES;
				CLANG_ENABLE_OBJC_ARC = YES;
				CLANG_ENABLE_OBJC_WEAK = YES;
				CLANG_WARN_BLOCK_CAPTURE_AUTORELEASING = YES;
				CLANG_WARN_BOOL_CONVERSION = YES;
				CLANG_WARN_COMMA = YES;
				CLANG_WARN_CONSTANT_CONVERSION = YES;
				CLANG_WARN_DEPRECATED_OBJC_IMPLEMENTATIONS = YES;
				CLANG_WARN_DIRECT_OBJC_ISA_USAGE = YES_ERROR;
				CLANG_WARN_DOCUMENTATION_COMMENTS = YES;
				CLANG_WARN_EMPTY_BODY = YES;
				CLANG_WARN_ENUM_CONVERSION = YES;
				CLANG_WARN_INFINITE_RECURSION = YES;
				CLANG_WARN_INT_CONVERSION = YES;
				CLANG_WARN_NON_LITERAL_NULL_CONVERSION = YES;
				CLANG_WARN_OBJC_IMPLICIT_RETAIN_SELF = YES;
				CLANG_WARN_OBJC_LITERAL_CONVERSION = YES;
				CLANG_WARN_OBJC_ROOT_CLASS = YES_ERROR;
				CLANG_WARN_QUOTED_INCLUDE_IN_FRAMEWORK_HEADER = YES;
				CLANG_WARN_RANGE_LOOP_ANALYSIS = YES;
				CLANG_WARN_STRICT_PROTOTYPES = YES;
				CLANG_WARN_SUSPICIOUS_MOVE = YES;
				CLANG_WARN_UNGUARDED_AVAILABILITY = YES_AGGRESSIVE;
				CLANG_WARN_UNREACHABLE_CODE = YES;
				CLANG_WARN__DUPLICATE_METHOD_MATCH = YES;
				COPY_PHASE_STRIP = NO;
				DEBUG_INFORMATION_FORMAT = "dwarf-with-dsym";
				ENABLE_NS_ASSERTIONS = NO;
				ENABLE_STRICT_OBJC_MSGSEND = YES;
				GCC_C_LANGUAGE_STANDARD = gnu11;
				GCC_NO_COMMON_BLOCKS = YES;
				GCC_WARN_64_TO_32_BIT_CONVERSION = YES;
				GCC_WARN_ABOUT_RETURN_TYPE = YES_ERROR;
				GCC_WARN_UNDECLARED_SELECTOR = YES;
				GCC_WARN_UNINITIALIZED_AUTOS = YES_AGGRESSIVE;
				GCC_WARN_UNUSED_FUNCTION = YES;
				GCC_WARN_UNUSED_VARIABLE = YES;
				IPHONEOS_DEPLOYMENT_TARGET = 15.2;
				MTL_ENABLE_DEBUG_INFO = NO;
				MTL_FAST_MATH = YES;
				SDKROOT = iphoneos;
				SWIFT_COMPILATION_MODE = wholemodule;
				SWIFT_OPTIMIZATION_LEVEL = "-O";
				VALIDATE_PRODUCT = YES;
			};
			name = Release;
		};
		D0E3E8632822C6C800300BE5 /* Debug */ = {
			isa = XCBuildConfiguration;
			buildSettings = {
				ASSETCATALOG_COMPILER_APPICON_NAME = AppIcon;
				ASSETCATALOG_COMPILER_GLOBAL_ACCENT_COLOR_NAME = AccentColor;
				CODE_SIGN_STYLE = Automatic;
				CURRENT_PROJECT_VERSION = 1;
				DEVELOPMENT_ASSET_PATHS = "\"E14/Preview Content\"";
				ENABLE_PREVIEWS = YES;
				GENERATE_INFOPLIST_FILE = YES;
				INFOPLIST_KEY_UIApplicationSceneManifest_Generation = YES;
				INFOPLIST_KEY_UIApplicationSupportsIndirectInputEvents = YES;
				INFOPLIST_KEY_UILaunchScreen_Generation = YES;
				INFOPLIST_KEY_UISupportedInterfaceOrientations_iPad = "UIInterfaceOrientationPortrait UIInterfaceOrientationPortraitUpsideDown UIInterfaceOrientationLandscapeLeft UIInterfaceOrientationLandscapeRight";
				INFOPLIST_KEY_UISupportedInterfaceOrientations_iPhone = "UIInterfaceOrientationPortrait UIInterfaceOrientationLandscapeLeft UIInterfaceOrientationLandscapeRight";
				LD_RUNPATH_SEARCH_PATHS = (
					"$(inherited)",
					"@executable_path/Frameworks",
				);
				MARKETING_VERSION = 1.0;
				PRODUCT_BUNDLE_IDENTIFIER = com.revature.E14;
				PRODUCT_NAME = "$(TARGET_NAME)";
				SWIFT_EMIT_LOC_STRINGS = YES;
				SWIFT_VERSION = 5.0;
				TARGETED_DEVICE_FAMILY = "1,2";
			};
			name = Debug;
		};
		D0E3E8642822C6C800300BE5 /* Release */ = {
			isa = XCBuildConfiguration;
			buildSettings = {
				ASSETCATALOG_COMPILER_APPICON_NAME = AppIcon;
				ASSETCATALOG_COMPILER_GLOBAL_ACCENT_COLOR_NAME = AccentColor;
				CODE_SIGN_STYLE = Automatic;
				CURRENT_PROJECT_VERSION = 1;
				DEVELOPMENT_ASSET_PATHS = "\"E14/Preview Content\"";
				ENABLE_PREVIEWS = YES;
				GENERATE_INFOPLIST_FILE = YES;
				INFOPLIST_KEY_UIApplicationSceneManifest_Generation = YES;
				INFOPLIST_KEY_UIApplicationSupportsIndirectInputEvents = YES;
				INFOPLIST_KEY_UILaunchScreen_Generation = YES;
				INFOPLIST_KEY_UISupportedInterfaceOrientations_iPad = "UIInterfaceOrientationPortrait UIInterfaceOrientationPortraitUpsideDown UIInterfaceOrientationLandscapeLeft UIInterfaceOrientationLandscapeRight";
				INFOPLIST_KEY_UISupportedInterfaceOrientations_iPhone = "UIInterfaceOrientationPortrait UIInterfaceOrientationLandscapeLeft UIInterfaceOrientationLandscapeRight";
				LD_RUNPATH_SEARCH_PATHS = (
					"$(inherited)",
					"@executable_path/Frameworks",
				);
				MARKETING_VERSION = 1.0;
				PRODUCT_BUNDLE_IDENTIFIER = com.revature.E14;
				PRODUCT_NAME = "$(TARGET_NAME)";
				SWIFT_EMIT_LOC_STRINGS = YES;
				SWIFT_VERSION = 5.0;
				TARGETED_DEVICE_FAMILY = "1,2";
			};
			name = Release;
		};
		D0E3E8662822C6C800300BE5 /* Debug */ = {
			isa = XCBuildConfiguration;
			buildSettings = {
				ALWAYS_EMBED_SWIFT_STANDARD_LIBRARIES = YES;
				BUNDLE_LOADER = "$(TEST_HOST)";
				CODE_SIGN_STYLE = Automatic;
				CURRENT_PROJECT_VERSION = 1;
				GENERATE_INFOPLIST_FILE = YES;
				IPHONEOS_DEPLOYMENT_TARGET = 15.2;
				MARKETING_VERSION = 1.0;
				PRODUCT_BUNDLE_IDENTIFIER = com.revature.E14Tests;
				PRODUCT_NAME = "$(TARGET_NAME)";
				SWIFT_EMIT_LOC_STRINGS = NO;
				SWIFT_VERSION = 5.0;
				TARGETED_DEVICE_FAMILY = "1,2";
				TEST_HOST = "$(BUILT_PRODUCTS_DIR)/E14.app/E14";
			};
			name = Debug;
		};
		D0E3E8672822C6C800300BE5 /* Release */ = {
			isa = XCBuildConfiguration;
			buildSettings = {
				ALWAYS_EMBED_SWIFT_STANDARD_LIBRARIES = YES;
				BUNDLE_LOADER = "$(TEST_HOST)";
				CODE_SIGN_STYLE = Automatic;
				CURRENT_PROJECT_VERSION = 1;
				GENERATE_INFOPLIST_FILE = YES;
				IPHONEOS_DEPLOYMENT_TARGET = 15.2;
				MARKETING_VERSION = 1.0;
				PRODUCT_BUNDLE_IDENTIFIER = com.revature.E14Tests;
				PRODUCT_NAME = "$(TARGET_NAME)";
				SWIFT_EMIT_LOC_STRINGS = NO;
				SWIFT_VERSION = 5.0;
				TARGETED_DEVICE_FAMILY = "1,2";
				TEST_HOST = "$(BUILT_PRODUCTS_DIR)/E14.app/E14";
			};
			name = Release;
		};
/* End XCBuildConfiguration section */

/* Begin XCConfigurationList section */
		D0E3E8392822C6C700300BE5 /* Build configuration list for PBXProject "E14" */ = {
			isa = XCConfigurationList;
			buildConfigurations = (
				D0E3E8602822C6C800300BE5 /* Debug */,
				D0E3E8612822C6C800300BE5 /* Release */,
			);
			defaultConfigurationIsVisible = 0;
			defaultConfigurationName = Release;
		};
		D0E3E8622822C6C800300BE5 /* Build configuration list for PBXNativeTarget "E14" */ = {
			isa = XCConfigurationList;
			buildConfigurations = (
				D0E3E8632822C6C800300BE5 /* Debug */,
				D0E3E8642822C6C800300BE5 /* Release */,
			);
			defaultConfigurationIsVisible = 0;
			defaultConfigurationName = Release;
		};
		D0E3E8652822C6C800300BE5 /* Build configuration list for PBXNativeTarget "E14Tests" */ = {
			isa = XCConfigurationList;
			buildConfigurations = (
				D0E3E8662822C6C800300BE5 /* Debug */,
				D0E3E8672822C6C800300BE5 /* Release */,
			);
			defaultConfigurationIsVisible = 0;
			defaultConfigurationName = Release;
		};
/* End XCConfigurationList section */
	};
	rootObject = D0E3E8362822C6C700300BE5 /* Project object */;
}
