// !$*UTF8*$!
{
	archiveVersion = 1;
	classes = {
	};
	objectVersion = 55;
	objects = {

/* Begin PBXBuildFile section */
		D0AA9EBD281E4152006B3982 /* E9App.swift in Sources */ = {isa = PBXBuildFile; fileRef = D0AA9EBC281E4152006B3982 /* E9App.swift */; };
		D0AA9EBF281E4152006B3982 /* ContentView.swift in Sources */ = {isa = PBXBuildFile; fileRef = D0AA9EBE281E4152006B3982 /* ContentView.swift */; };
		D0AA9EC1281E4153006B3982 /* Assets.xcassets in Resources */ = {isa = PBXBuildFile; fileRef = D0AA9EC0281E4153006B3982 /* Assets.xcassets */; };
		D0AA9EC4281E4153006B3982 /* Preview Assets.xcassets in Resources */ = {isa = PBXBuildFile; fileRef = D0AA9EC3281E4153006B3982 /* Preview Assets.xcassets */; };
		D0AA9ECE281E4153006B3982 /* E9Tests.swift in Sources */ = {isa = PBXBuildFile; fileRef = D0AA9ECD281E4153006B3982 /* E9Tests.swift */; };
		D0AA9EE8281E41DF006B3982 /* Triplet.swift in Sources */ = {isa = PBXBuildFile; fileRef = D0AA9EE6281E41BE006B3982 /* Triplet.swift */; };
/* End PBXBuildFile section */

/* Begin PBXContainerItemProxy section */
		D0AA9ECA281E4153006B3982 /* PBXContainerItemProxy */ = {
			isa = PBXContainerItemProxy;
			containerPortal = D0AA9EB1281E4152006B3982 /* Project object */;
			proxyType = 1;
			remoteGlobalIDString = D0AA9EB8281E4152006B3982;
			remoteInfo = E9;
		};
/* End PBXContainerItemProxy section */

/* Begin PBXFileReference section */
		D0AA9EB9281E4152006B3982 /* E9.app */ = {isa = PBXFileReference; explicitFileType = wrapper.application; includeInIndex = 0; path = E9.app; sourceTree = BUILT_PRODUCTS_DIR; };
		D0AA9EBC281E4152006B3982 /* E9App.swift */ = {isa = PBXFileReference; lastKnownFileType = sourcecode.swift; path = E9App.swift; sourceTree = "<group>"; };
		D0AA9EBE281E4152006B3982 /* ContentView.swift */ = {isa = PBXFileReference; lastKnownFileType = sourcecode.swift; path = ContentView.swift; sourceTree = "<group>"; };
		D0AA9EC0281E4153006B3982 /* Assets.xcassets */ = {isa = PBXFileReference; lastKnownFileType = folder.assetcatalog; path = Assets.xcassets; sourceTree = "<group>"; };
		D0AA9EC3281E4153006B3982 /* Preview Assets.xcassets */ = {isa = PBXFileReference; lastKnownFileType = folder.assetcatalog; path = "Preview Assets.xcassets"; sourceTree = "<group>"; };
		D0AA9EC9281E4153006B3982 /* E9Tests.xctest */ = {isa = PBXFileReference; explicitFileType = wrapper.cfbundle; includeInIndex = 0; path = E9Tests.xctest; sourceTree = BUILT_PRODUCTS_DIR; };
		D0AA9ECD281E4153006B3982 /* E9Tests.swift */ = {isa = PBXFileReference; lastKnownFileType = sourcecode.swift; path = E9Tests.swift; sourceTree = "<group>"; };
		D0AA9EE6281E41BE006B3982 /* Triplet.swift */ = {isa = PBXFileReference; lastKnownFileType = sourcecode.swift; path = Triplet.swift; sourceTree = "<group>"; };
/* End PBXFileReference section */

/* Begin PBXFrameworksBuildPhase section */
		D0AA9EB6281E4152006B3982 /* Frameworks */ = {
			isa = PBXFrameworksBuildPhase;
			buildActionMask = 2147483647;
			files = (
			);
			runOnlyForDeploymentPostprocessing = 0;
		};
		D0AA9EC6281E4153006B3982 /* Frameworks */ = {
			isa = PBXFrameworksBuildPhase;
			buildActionMask = 2147483647;
			files = (
			);
			runOnlyForDeploymentPostprocessing = 0;
		};
/* End PBXFrameworksBuildPhase section */

/* Begin PBXGroup section */
		D0AA9EB0281E4152006B3982 = {
			isa = PBXGroup;
			children = (
				D0AA9EBB281E4152006B3982 /* E9 */,
				D0AA9ECC281E4153006B3982 /* E9Tests */,
				D0AA9EBA281E4152006B3982 /* Products */,
			);
			sourceTree = "<group>";
		};
		D0AA9EBA281E4152006B3982 /* Products */ = {
			isa = PBXGroup;
			children = (
				D0AA9EB9281E4152006B3982 /* E9.app */,
				D0AA9EC9281E4153006B3982 /* E9Tests.xctest */,
			);
			name = Products;
			sourceTree = "<group>";
		};
		D0AA9EBB281E4152006B3982 /* E9 */ = {
			isa = PBXGroup;
			children = (
				D0AA9EBC281E4152006B3982 /* E9App.swift */,
				D0AA9EE6281E41BE006B3982 /* Triplet.swift */,
				D0AA9EBE281E4152006B3982 /* ContentView.swift */,
				D0AA9EC0281E4153006B3982 /* Assets.xcassets */,
				D0AA9EC2281E4153006B3982 /* Preview Content */,
			);
			path = E9;
			sourceTree = "<group>";
		};
		D0AA9EC2281E4153006B3982 /* Preview Content */ = {
			isa = PBXGroup;
			children = (
				D0AA9EC3281E4153006B3982 /* Preview Assets.xcassets */,
			);
			path = "Preview Content";
			sourceTree = "<group>";
		};
		D0AA9ECC281E4153006B3982 /* E9Tests */ = {
			isa = PBXGroup;
			children = (
				D0AA9ECD281E4153006B3982 /* E9Tests.swift */,
			);
			path = E9Tests;
			sourceTree = "<group>";
		};
/* End PBXGroup section */

/* Begin PBXNativeTarget section */
		D0AA9EB8281E4152006B3982 /* E9 */ = {
			isa = PBXNativeTarget;
			buildConfigurationList = D0AA9EDD281E4153006B3982 /* Build configuration list for PBXNativeTarget "E9" */;
			buildPhases = (
				D0AA9EB5281E4152006B3982 /* Sources */,
				D0AA9EB6281E4152006B3982 /* Frameworks */,
				D0AA9EB7281E4152006B3982 /* Resources */,
			);
			buildRules = (
			);
			dependencies = (
			);
			name = E9;
			productName = E9;
			productReference = D0AA9EB9281E4152006B3982 /* E9.app */;
			productType = "com.apple.product-type.application";
		};
		D0AA9EC8281E4153006B3982 /* E9Tests */ = {
			isa = PBXNativeTarget;
			buildConfigurationList = D0AA9EE0281E4153006B3982 /* Build configuration list for PBXNativeTarget "E9Tests" */;
			buildPhases = (
				D0AA9EC5281E4153006B3982 /* Sources */,
				D0AA9EC6281E4153006B3982 /* Frameworks */,
				D0AA9EC7281E4153006B3982 /* Resources */,
			);
			buildRules = (
			);
			dependencies = (
				D0AA9ECB281E4153006B3982 /* PBXTargetDependency */,
			);
			name = E9Tests;
			productName = E9Tests;
			productReference = D0AA9EC9281E4153006B3982 /* E9Tests.xctest */;
			productType = "com.apple.product-type.bundle.unit-test";
		};
/* End PBXNativeTarget section */

/* Begin PBXProject section */
		D0AA9EB1281E4152006B3982 /* Project object */ = {
			isa = PBXProject;
			attributes = {
				BuildIndependentTargetsInParallel = 1;
				LastSwiftUpdateCheck = 1320;
				LastUpgradeCheck = 1320;
				TargetAttributes = {
					D0AA9EB8281E4152006B3982 = {
						CreatedOnToolsVersion = 13.2.1;
					};
					D0AA9EC8281E4153006B3982 = {
						CreatedOnToolsVersion = 13.2.1;
						TestTargetID = D0AA9EB8281E4152006B3982;
					};
				};
			};
			buildConfigurationList = D0AA9EB4281E4152006B3982 /* Build configuration list for PBXProject "E9" */;
			compatibilityVersion = "Xcode 13.0";
			developmentRegion = en;
			hasScannedForEncodings = 0;
			knownRegions = (
				en,
				Base,
			);
			mainGroup = D0AA9EB0281E4152006B3982;
			productRefGroup = D0AA9EBA281E4152006B3982 /* Products */;
			projectDirPath = "";
			projectRoot = "";
			targets = (
				D0AA9EB8281E4152006B3982 /* E9 */,
				D0AA9EC8281E4153006B3982 /* E9Tests */,
			);
		};
/* End PBXProject section */

/* Begin PBXResourcesBuildPhase section */
		D0AA9EB7281E4152006B3982 /* Resources */ = {
			isa = PBXResourcesBuildPhase;
			buildActionMask = 2147483647;
			files = (
				D0AA9EC4281E4153006B3982 /* Preview Assets.xcassets in Resources */,
				D0AA9EC1281E4153006B3982 /* Assets.xcassets in Resources */,
			);
			runOnlyForDeploymentPostprocessing = 0;
		};
		D0AA9EC7281E4153006B3982 /* Resources */ = {
			isa = PBXResourcesBuildPhase;
			buildActionMask = 2147483647;
			files = (
			);
			runOnlyForDeploymentPostprocessing = 0;
		};
/* End PBXResourcesBuildPhase section */

/* Begin PBXSourcesBuildPhase section */
		D0AA9EB5281E4152006B3982 /* Sources */ = {
			isa = PBXSourcesBuildPhase;
			buildActionMask = 2147483647;
			files = (
				D0AA9EE8281E41DF006B3982 /* Triplet.swift in Sources */,
				D0AA9EBF281E4152006B3982 /* ContentView.swift in Sources */,
				D0AA9EBD281E4152006B3982 /* E9App.swift in Sources */,
			);
			runOnlyForDeploymentPostprocessing = 0;
		};
		D0AA9EC5281E4153006B3982 /* Sources */ = {
			isa = PBXSourcesBuildPhase;
			buildActionMask = 2147483647;
			files = (
				D0AA9ECE281E4153006B3982 /* E9Tests.swift in Sources */,
			);
			runOnlyForDeploymentPostprocessing = 0;
		};
/* End PBXSourcesBuildPhase section */

/* Begin PBXTargetDependency section */
		D0AA9ECB281E4153006B3982 /* PBXTargetDependency */ = {
			isa = PBXTargetDependency;
			target = D0AA9EB8281E4152006B3982 /* E9 */;
			targetProxy = D0AA9ECA281E4153006B3982 /* PBXContainerItemProxy */;
		};
/* End PBXTargetDependency section */

/* Begin XCBuildConfiguration section */
		D0AA9EDB281E4153006B3982 /* Debug */ = {
			isa = XCBuildConfiguration;
			buildSettings = {
				ALWAYS_SEARCH_USER_PATHS = NO;
				CLANG_ANALYZER_NONNULL = YES;
				CLANG_ANALYZER_NUMBER_OBJECT_CONVERSION = YES_AGGRESSIVE;
				CLANG_CXX_LANGUAGE_STANDARD = "gnu++17";
				CLANG_CXX_LIBRARY = "libc++";
				CLANG_ENABLE_MODULES = YES;
				CLANG_ENABLE_OBJC_ARC = YES;
				CLANG_ENABLE_OBJC_WEAK = YES;
				CLANG_WARN_BLOCK_CAPTURE_AUTORELEASING = YES;
				CLANG_WARN_BOOL_CONVERSION = YES;
				CLANG_WARN_COMMA = YES;
				CLANG_WARN_CONSTANT_CONVERSION = YES;
				CLANG_WARN_DEPRECATED_OBJC_IMPLEMENTATIONS = YES;
				CLANG_WARN_DIRECT_OBJC_ISA_USAGE = YES_ERROR;
				CLANG_WARN_DOCUMENTATION_COMMENTS = YES;
				CLANG_WARN_EMPTY_BODY = YES;
				CLANG_WARN_ENUM_CONVERSION = YES;
				CLANG_WARN_INFINITE_RECURSION = YES;
				CLANG_WARN_INT_CONVERSION = YES;
				CLANG_WARN_NON_LITERAL_NULL_CONVERSION = YES;
				CLANG_WARN_OBJC_IMPLICIT_RETAIN_SELF = YES;
				CLANG_WARN_OBJC_LITERAL_CONVERSION = YES;
				CLANG_WARN_OBJC_ROOT_CLASS = YES_ERROR;
				CLANG_WARN_QUOTED_INCLUDE_IN_FRAMEWORK_HEADER = YES;
				CLANG_WARN_RANGE_LOOP_ANALYSIS = YES;
				CLANG_WARN_STRICT_PROTOTYPES = YES;
				CLANG_WARN_SUSPICIOUS_MOVE = YES;
				CLANG_WARN_UNGUARDED_AVAILABILITY = YES_AGGRESSIVE;
				CLANG_WARN_UNREACHABLE_CODE = YES;
				CLANG_WARN__DUPLICATE_METHOD_MATCH = YES;
				COPY_PHASE_STRIP = NO;
				DEBUG_INFORMATION_FORMAT = dwarf;
				ENABLE_STRICT_OBJC_MSGSEND = YES;
				ENABLE_TESTABILITY = YES;
				GCC_C_LANGUAGE_STANDARD = gnu11;
				GCC_DYNAMIC_NO_PIC = NO;
				GCC_NO_COMMON_BLOCKS = YES;
				GCC_OPTIMIZATION_LEVEL = 0;
				GCC_PREPROCESSOR_DEFINITIONS = (
					"DEBUG=1",
					"$(inherited)",
				);
				GCC_WARN_64_TO_32_BIT_CONVERSION = YES;
				GCC_WARN_ABOUT_RETURN_TYPE = YES_ERROR;
				GCC_WARN_UNDECLARED_SELECTOR = YES;
				GCC_WARN_UNINITIALIZED_AUTOS = YES_AGGRESSIVE;
				GCC_WARN_UNUSED_FUNCTION = YES;
				GCC_WARN_UNUSED_VARIABLE = YES;
				IPHONEOS_DEPLOYMENT_TARGET = 15.2;
				MTL_ENABLE_DEBUG_INFO = INCLUDE_SOURCE;
				MTL_FAST_MATH = YES;
				ONLY_ACTIVE_ARCH = YES;
				SDKROOT = iphoneos;
				SWIFT_ACTIVE_COMPILATION_CONDITIONS = DEBUG;
				SWIFT_OPTIMIZATION_LEVEL = "-Onone";
			};
			name = Debug;
		};
		D0AA9EDC281E4153006B3982 /* Release */ = {
			isa = XCBuildConfiguration;
			buildSettings = {
				ALWAYS_SEARCH_USER_PATHS = NO;
				CLANG_ANALYZER_NONNULL = YES;
				CLANG_ANALYZER_NUMBER_OBJECT_CONVERSION = YES_AGGRESSIVE;
				CLANG_CXX_LANGUAGE_STANDARD = "gnu++17";
				CLANG_CXX_LIBRARY = "libc++";
				CLANG_ENABLE_MODULES = YES;
				CLANG_ENABLE_OBJC_ARC = YES;
				CLANG_ENABLE_OBJC_WEAK = YES;
				CLANG_WARN_BLOCK_CAPTURE_AUTORELEASING = YES;
				CLANG_WARN_BOOL_CONVERSION = YES;
				CLANG_WARN_COMMA = YES;
				CLANG_WARN_CONSTANT_CONVERSION = YES;
				CLANG_WARN_DEPRECATED_OBJC_IMPLEMENTATIONS = YES;
				CLANG_WARN_DIRECT_OBJC_ISA_USAGE = YES_ERROR;
				CLANG_WARN_DOCUMENTATION_COMMENTS = YES;
				CLANG_WARN_EMPTY_BODY = YES;
				CLANG_WARN_ENUM_CONVERSION = YES;
				CLANG_WARN_INFINITE_RECURSION = YES;
				CLANG_WARN_INT_CONVERSION = YES;
				CLANG_WARN_NON_LITERAL_NULL_CONVERSION = YES;
				CLANG_WARN_OBJC_IMPLICIT_RETAIN_SELF = YES;
				CLANG_WARN_OBJC_LITERAL_CONVERSION = YES;
				CLANG_WARN_OBJC_ROOT_CLASS = YES_ERROR;
				CLANG_WARN_QUOTED_INCLUDE_IN_FRAMEWORK_HEADER = YES;
				CLANG_WARN_RANGE_LOOP_ANALYSIS = YES;
				CLANG_WARN_STRICT_PROTOTYPES = YES;
				CLANG_WARN_SUSPICIOUS_MOVE = YES;
				CLANG_WARN_UNGUARDED_AVAILABILITY = YES_AGGRESSIVE;
				CLANG_WARN_UNREACHABLE_CODE = YES;
				CLANG_WARN__DUPLICATE_METHOD_MATCH = YES;
				COPY_PHASE_STRIP = NO;
				DEBUG_INFORMATION_FORMAT = "dwarf-with-dsym";
				ENABLE_NS_ASSERTIONS = NO;
				ENABLE_STRICT_OBJC_MSGSEND = YES;
				GCC_C_LANGUAGE_STANDARD = gnu11;
				GCC_NO_COMMON_BLOCKS = YES;
				GCC_WARN_64_TO_32_BIT_CONVERSION = YES;
				GCC_WARN_ABOUT_RETURN_TYPE = YES_ERROR;
				GCC_WARN_UNDECLARED_SELECTOR = YES;
				GCC_WARN_UNINITIALIZED_AUTOS = YES_AGGRESSIVE;
				GCC_WARN_UNUSED_FUNCTION = YES;
				GCC_WARN_UNUSED_VARIABLE = YES;
				IPHONEOS_DEPLOYMENT_TARGET = 15.2;
				MTL_ENABLE_DEBUG_INFO = NO;
				MTL_FAST_MATH = YES;
				SDKROOT = iphoneos;
				SWIFT_COMPILATION_MODE = wholemodule;
				SWIFT_OPTIMIZATION_LEVEL = "-O";
				VALIDATE_PRODUCT = YES;
			};
			name = Release;
		};
		D0AA9EDE281E4153006B3982 /* Debug */ = {
			isa = XCBuildConfiguration;
			buildSettings = {
				ASSETCATALOG_COMPILER_APPICON_NAME = AppIcon;
				ASSETCATALOG_COMPILER_GLOBAL_ACCENT_COLOR_NAME = AccentColor;
				CODE_SIGN_STYLE = Automatic;
				CURRENT_PROJECT_VERSION = 1;
				DEVELOPMENT_ASSET_PATHS = "\"E9/Preview Content\"";
				ENABLE_PREVIEWS = YES;
				GENERATE_INFOPLIST_FILE = YES;
				INFOPLIST_KEY_UIApplicationSceneManifest_Generation = YES;
				INFOPLIST_KEY_UIApplicationSupportsIndirectInputEvents = YES;
				INFOPLIST_KEY_UILaunchScreen_Generation = YES;
				INFOPLIST_KEY_UISupportedInterfaceOrientations_iPad = "UIInterfaceOrientationPortrait UIInterfaceOrientationPortraitUpsideDown UIInterfaceOrientationLandscapeLeft UIInterfaceOrientationLandscapeRight";
				INFOPLIST_KEY_UISupportedInterfaceOrientations_iPhone = "UIInterfaceOrientationPortrait UIInterfaceOrientationLandscapeLeft UIInterfaceOrientationLandscapeRight";
				LD_RUNPATH_SEARCH_PATHS = (
					"$(inherited)",
					"@executable_path/Frameworks",
				);
				MARKETING_VERSION = 1.0;
				PRODUCT_BUNDLE_IDENTIFIER = com.revature.E9;
				PRODUCT_NAME = "$(TARGET_NAME)";
				SWIFT_EMIT_LOC_STRINGS = YES;
				SWIFT_VERSION = 5.0;
				TARGETED_DEVICE_FAMILY = "1,2";
			};
			name = Debug;
		};
		D0AA9EDF281E4153006B3982 /* Release */ = {
			isa = XCBuildConfiguration;
			buildSettings = {
				ASSETCATALOG_COMPILER_APPICON_NAME = AppIcon;
				ASSETCATALOG_COMPILER_GLOBAL_ACCENT_COLOR_NAME = AccentColor;
				CODE_SIGN_STYLE = Automatic;
				CURRENT_PROJECT_VERSION = 1;
				DEVELOPMENT_ASSET_PATHS = "\"E9/Preview Content\"";
				ENABLE_PREVIEWS = YES;
				GENERATE_INFOPLIST_FILE = YES;
				INFOPLIST_KEY_UIApplicationSceneManifest_Generation = YES;
				INFOPLIST_KEY_UIApplicationSupportsIndirectInputEvents = YES;
				INFOPLIST_KEY_UILaunchScreen_Generation = YES;
				INFOPLIST_KEY_UISupportedInterfaceOrientations_iPad = "UIInterfaceOrientationPortrait UIInterfaceOrientationPortraitUpsideDown UIInterfaceOrientationLandscapeLeft UIInterfaceOrientationLandscapeRight";
				INFOPLIST_KEY_UISupportedInterfaceOrientations_iPhone = "UIInterfaceOrientationPortrait UIInterfaceOrientationLandscapeLeft UIInterfaceOrientationLandscapeRight";
				LD_RUNPATH_SEARCH_PATHS = (
					"$(inherited)",
					"@executable_path/Frameworks",
				);
				MARKETING_VERSION = 1.0;
				PRODUCT_BUNDLE_IDENTIFIER = com.revature.E9;
				PRODUCT_NAME = "$(TARGET_NAME)";
				SWIFT_EMIT_LOC_STRINGS = YES;
				SWIFT_VERSION = 5.0;
				TARGETED_DEVICE_FAMILY = "1,2";
			};
			name = Release;
		};
		D0AA9EE1281E4153006B3982 /* Debug */ = {
			isa = XCBuildConfiguration;
			buildSettings = {
				ALWAYS_EMBED_SWIFT_STANDARD_LIBRARIES = YES;
				BUNDLE_LOADER = "$(TEST_HOST)";
				CODE_SIGN_STYLE = Automatic;
				CURRENT_PROJECT_VERSION = 1;
				GENERATE_INFOPLIST_FILE = YES;
				IPHONEOS_DEPLOYMENT_TARGET = 15.2;
				MARKETING_VERSION = 1.0;
				PRODUCT_BUNDLE_IDENTIFIER = com.revature.E9Tests;
				PRODUCT_NAME = "$(TARGET_NAME)";
				SWIFT_EMIT_LOC_STRINGS = NO;
				SWIFT_VERSION = 5.0;
				TARGETED_DEVICE_FAMILY = "1,2";
				TEST_HOST = "$(BUILT_PRODUCTS_DIR)/E9.app/E9";
			};
			name = Debug;
		};
		D0AA9EE2281E4153006B3982 /* Release */ = {
			isa = XCBuildConfiguration;
			buildSettings = {
				ALWAYS_EMBED_SWIFT_STANDARD_LIBRARIES = YES;
				BUNDLE_LOADER = "$(TEST_HOST)";
				CODE_SIGN_STYLE = Automatic;
				CURRENT_PROJECT_VERSION = 1;
				GENERATE_INFOPLIST_FILE = YES;
				IPHONEOS_DEPLOYMENT_TARGET = 15.2;
				MARKETING_VERSION = 1.0;
				PRODUCT_BUNDLE_IDENTIFIER = com.revature.E9Tests;
				PRODUCT_NAME = "$(TARGET_NAME)";
				SWIFT_EMIT_LOC_STRINGS = NO;
				SWIFT_VERSION = 5.0;
				TARGETED_DEVICE_FAMILY = "1,2";
				TEST_HOST = "$(BUILT_PRODUCTS_DIR)/E9.app/E9";
			};
			name = Release;
		};
/* End XCBuildConfiguration section */

/* Begin XCConfigurationList section */
		D0AA9EB4281E4152006B3982 /* Build configuration list for PBXProject "E9" */ = {
			isa = XCConfigurationList;
			buildConfigurations = (
				D0AA9EDB281E4153006B3982 /* Debug */,
				D0AA9EDC281E4153006B3982 /* Release */,
			);
			defaultConfigurationIsVisible = 0;
			defaultConfigurationName = Release;
		};
		D0AA9EDD281E4153006B3982 /* Build configuration list for PBXNativeTarget "E9" */ = {
			isa = XCConfigurationList;
			buildConfigurations = (
				D0AA9EDE281E4153006B3982 /* Debug */,
				D0AA9EDF281E4153006B3982 /* Release */,
			);
			defaultConfigurationIsVisible = 0;
			defaultConfigurationName = Release;
		};
		D0AA9EE0281E4153006B3982 /* Build configuration list for PBXNativeTarget "E9Tests" */ = {
			isa = XCConfigurationList;
			buildConfigurations = (
				D0AA9EE1281E4153006B3982 /* Debug */,
				D0AA9EE2281E4153006B3982 /* Release */,
			);
			defaultConfigurationIsVisible = 0;
			defaultConfigurationName = Release;
		};
/* End XCConfigurationList section */
	};
	rootObject = D0AA9EB1281E4152006B3982 /* Project object */;
}
