// !$*UTF8*$!
{
	archiveVersion = 1;
	classes = {
	};
	objectVersion = 55;
	objects = {

/* Begin PBXBuildFile section */
		D0A9E69D2815A70F00121718 /* E2App.swift in Sources */ = {isa = PBXBuildFile; fileRef = D0A9E69C2815A70F00121718 /* E2App.swift */; };
		D0A9E69F2815A70F00121718 /* ContentView.swift in Sources */ = {isa = PBXBuildFile; fileRef = D0A9E69E2815A70F00121718 /* ContentView.swift */; };
		D0A9E6A12815A71100121718 /* Assets.xcassets in Resources */ = {isa = PBXBuildFile; fileRef = D0A9E6A02815A71100121718 /* Assets.xcassets */; };
		D0A9E6A42815A71100121718 /* Preview Assets.xcassets in Resources */ = {isa = PBXBuildFile; fileRef = D0A9E6A32815A71100121718 /* Preview Assets.xcassets */; };
		D0A9E6AE2815A71100121718 /* E2Tests.swift in Sources */ = {isa = PBXBuildFile; fileRef = D0A9E6AD2815A71100121718 /* E2Tests.swift */; };
		D0A9E6B82815A71100121718 /* E2UITests.swift in Sources */ = {isa = PBXBuildFile; fileRef = D0A9E6B72815A71100121718 /* E2UITests.swift */; };
		D0A9E6BA2815A71100121718 /* E2UITestsLaunchTests.swift in Sources */ = {isa = PBXBuildFile; fileRef = D0A9E6B92815A71100121718 /* E2UITestsLaunchTests.swift */; };
		D0A9E6C72815A73F00121718 /* Fib.swift in Sources */ = {isa = PBXBuildFile; fileRef = D0A9E6C62815A73F00121718 /* Fib.swift */; };
/* End PBXBuildFile section */

/* Begin PBXContainerItemProxy section */
		D0A9E6AA2815A71100121718 /* PBXContainerItemProxy */ = {
			isa = PBXContainerItemProxy;
			containerPortal = D0A9E6912815A70F00121718 /* Project object */;
			proxyType = 1;
			remoteGlobalIDString = D0A9E6982815A70F00121718;
			remoteInfo = E2;
		};
		D0A9E6B42815A71100121718 /* PBXContainerItemProxy */ = {
			isa = PBXContainerItemProxy;
			containerPortal = D0A9E6912815A70F00121718 /* Project object */;
			proxyType = 1;
			remoteGlobalIDString = D0A9E6982815A70F00121718;
			remoteInfo = E2;
		};
/* End PBXContainerItemProxy section */

/* Begin PBXFileReference section */
		D0A9E6992815A70F00121718 /* E2.app */ = {isa = PBXFileReference; explicitFileType = wrapper.application; includeInIndex = 0; path = E2.app; sourceTree = BUILT_PRODUCTS_DIR; };
		D0A9E69C2815A70F00121718 /* E2App.swift */ = {isa = PBXFileReference; lastKnownFileType = sourcecode.swift; path = E2App.swift; sourceTree = "<group>"; };
		D0A9E69E2815A70F00121718 /* ContentView.swift */ = {isa = PBXFileReference; lastKnownFileType = sourcecode.swift; path = ContentView.swift; sourceTree = "<group>"; };
		D0A9E6A02815A71100121718 /* Assets.xcassets */ = {isa = PBXFileReference; lastKnownFileType = folder.assetcatalog; path = Assets.xcassets; sourceTree = "<group>"; };
		D0A9E6A32815A71100121718 /* Preview Assets.xcassets */ = {isa = PBXFileReference; lastKnownFileType = folder.assetcatalog; path = "Preview Assets.xcassets"; sourceTree = "<group>"; };
		D0A9E6A92815A71100121718 /* E2Tests.xctest */ = {isa = PBXFileReference; explicitFileType = wrapper.cfbundle; includeInIndex = 0; path = E2Tests.xctest; sourceTree = BUILT_PRODUCTS_DIR; };
		D0A9E6AD2815A71100121718 /* E2Tests.swift */ = {isa = PBXFileReference; lastKnownFileType = sourcecode.swift; path = E2Tests.swift; sourceTree = "<group>"; };
		D0A9E6B32815A71100121718 /* E2UITests.xctest */ = {isa = PBXFileReference; explicitFileType = wrapper.cfbundle; includeInIndex = 0; path = E2UITests.xctest; sourceTree = BUILT_PRODUCTS_DIR; };
		D0A9E6B72815A71100121718 /* E2UITests.swift */ = {isa = PBXFileReference; lastKnownFileType = sourcecode.swift; path = E2UITests.swift; sourceTree = "<group>"; };
		D0A9E6B92815A71100121718 /* E2UITestsLaunchTests.swift */ = {isa = PBXFileReference; lastKnownFileType = sourcecode.swift; path = E2UITestsLaunchTests.swift; sourceTree = "<group>"; };
		D0A9E6C62815A73F00121718 /* Fib.swift */ = {isa = PBXFileReference; lastKnownFileType = sourcecode.swift; path = Fib.swift; sourceTree = "<group>"; };
/* End PBXFileReference section */

/* Begin PBXFrameworksBuildPhase section */
		D0A9E6962815A70F00121718 /* Frameworks */ = {
			isa = PBXFrameworksBuildPhase;
			buildActionMask = 2147483647;
			files = (
			);
			runOnlyForDeploymentPostprocessing = 0;
		};
		D0A9E6A62815A71100121718 /* Frameworks */ = {
			isa = PBXFrameworksBuildPhase;
			buildActionMask = 2147483647;
			files = (
			);
			runOnlyForDeploymentPostprocessing = 0;
		};
		D0A9E6B02815A71100121718 /* Frameworks */ = {
			isa = PBXFrameworksBuildPhase;
			buildActionMask = 2147483647;
			files = (
			);
			runOnlyForDeploymentPostprocessing = 0;
		};
/* End PBXFrameworksBuildPhase section */

/* Begin PBXGroup section */
		D0A9E6902815A70F00121718 = {
			isa = PBXGroup;
			children = (
				D0A9E69B2815A70F00121718 /* E2 */,
				D0A9E6AC2815A71100121718 /* E2Tests */,
				D0A9E6B62815A71100121718 /* E2UITests */,
				D0A9E69A2815A70F00121718 /* Products */,
			);
			sourceTree = "<group>";
		};
		D0A9E69A2815A70F00121718 /* Products */ = {
			isa = PBXGroup;
			children = (
				D0A9E6992815A70F00121718 /* E2.app */,
				D0A9E6A92815A71100121718 /* E2Tests.xctest */,
				D0A9E6B32815A71100121718 /* E2UITests.xctest */,
			);
			name = Products;
			sourceTree = "<group>";
		};
		D0A9E69B2815A70F00121718 /* E2 */ = {
			isa = PBXGroup;
			children = (
				D0A9E69C2815A70F00121718 /* E2App.swift */,
				D0A9E69E2815A70F00121718 /* ContentView.swift */,
				D0A9E6C62815A73F00121718 /* Fib.swift */,
				D0A9E6A02815A71100121718 /* Assets.xcassets */,
				D0A9E6A22815A71100121718 /* Preview Content */,
			);
			path = E2;
			sourceTree = "<group>";
		};
		D0A9E6A22815A71100121718 /* Preview Content */ = {
			isa = PBXGroup;
			children = (
				D0A9E6A32815A71100121718 /* Preview Assets.xcassets */,
			);
			path = "Preview Content";
			sourceTree = "<group>";
		};
		D0A9E6AC2815A71100121718 /* E2Tests */ = {
			isa = PBXGroup;
			children = (
				D0A9E6AD2815A71100121718 /* E2Tests.swift */,
			);
			path = E2Tests;
			sourceTree = "<group>";
		};
		D0A9E6B62815A71100121718 /* E2UITests */ = {
			isa = PBXGroup;
			children = (
				D0A9E6B72815A71100121718 /* E2UITests.swift */,
				D0A9E6B92815A71100121718 /* E2UITestsLaunchTests.swift */,
			);
			path = E2UITests;
			sourceTree = "<group>";
		};
/* End PBXGroup section */

/* Begin PBXNativeTarget section */
		D0A9E6982815A70F00121718 /* E2 */ = {
			isa = PBXNativeTarget;
			buildConfigurationList = D0A9E6BD2815A71100121718 /* Build configuration list for PBXNativeTarget "E2" */;
			buildPhases = (
				D0A9E6952815A70F00121718 /* Sources */,
				D0A9E6962815A70F00121718 /* Frameworks */,
				D0A9E6972815A70F00121718 /* Resources */,
			);
			buildRules = (
			);
			dependencies = (
			);
			name = E2;
			productName = E2;
			productReference = D0A9E6992815A70F00121718 /* E2.app */;
			productType = "com.apple.product-type.application";
		};
		D0A9E6A82815A71100121718 /* E2Tests */ = {
			isa = PBXNativeTarget;
			buildConfigurationList = D0A9E6C02815A71100121718 /* Build configuration list for PBXNativeTarget "E2Tests" */;
			buildPhases = (
				D0A9E6A52815A71100121718 /* Sources */,
				D0A9E6A62815A71100121718 /* Frameworks */,
				D0A9E6A72815A71100121718 /* Resources */,
			);
			buildRules = (
			);
			dependencies = (
				D0A9E6AB2815A71100121718 /* PBXTargetDependency */,
			);
			name = E2Tests;
			productName = E2Tests;
			productReference = D0A9E6A92815A71100121718 /* E2Tests.xctest */;
			productType = "com.apple.product-type.bundle.unit-test";
		};
		D0A9E6B22815A71100121718 /* E2UITests */ = {
			isa = PBXNativeTarget;
			buildConfigurationList = D0A9E6C32815A71100121718 /* Build configuration list for PBXNativeTarget "E2UITests" */;
			buildPhases = (
				D0A9E6AF2815A71100121718 /* Sources */,
				D0A9E6B02815A71100121718 /* Frameworks */,
				D0A9E6B12815A71100121718 /* Resources */,
			);
			buildRules = (
			);
			dependencies = (
				D0A9E6B52815A71100121718 /* PBXTargetDependency */,
			);
			name = E2UITests;
			productName = E2UITests;
			productReference = D0A9E6B32815A71100121718 /* E2UITests.xctest */;
			productType = "com.apple.product-type.bundle.ui-testing";
		};
/* End PBXNativeTarget section */

/* Begin PBXProject section */
		D0A9E6912815A70F00121718 /* Project object */ = {
			isa = PBXProject;
			attributes = {
				BuildIndependentTargetsInParallel = 1;
				LastSwiftUpdateCheck = 1320;
				LastUpgradeCheck = 1320;
				TargetAttributes = {
					D0A9E6982815A70F00121718 = {
						CreatedOnToolsVersion = 13.2.1;
					};
					D0A9E6A82815A71100121718 = {
						CreatedOnToolsVersion = 13.2.1;
						TestTargetID = D0A9E6982815A70F00121718;
					};
					D0A9E6B22815A71100121718 = {
						CreatedOnToolsVersion = 13.2.1;
						TestTargetID = D0A9E6982815A70F00121718;
					};
				};
			};
			buildConfigurationList = D0A9E6942815A70F00121718 /* Build configuration list for PBXProject "E2" */;
			compatibilityVersion = "Xcode 13.0";
			developmentRegion = en;
			hasScannedForEncodings = 0;
			knownRegions = (
				en,
				Base,
			);
			mainGroup = D0A9E6902815A70F00121718;
			productRefGroup = D0A9E69A2815A70F00121718 /* Products */;
			projectDirPath = "";
			projectRoot = "";
			targets = (
				D0A9E6982815A70F00121718 /* E2 */,
				D0A9E6A82815A71100121718 /* E2Tests */,
				D0A9E6B22815A71100121718 /* E2UITests */,
			);
		};
/* End PBXProject section */

/* Begin PBXResourcesBuildPhase section */
		D0A9E6972815A70F00121718 /* Resources */ = {
			isa = PBXResourcesBuildPhase;
			buildActionMask = 2147483647;
			files = (
				D0A9E6A42815A71100121718 /* Preview Assets.xcassets in Resources */,
				D0A9E6A12815A71100121718 /* Assets.xcassets in Resources */,
			);
			runOnlyForDeploymentPostprocessing = 0;
		};
		D0A9E6A72815A71100121718 /* Resources */ = {
			isa = PBXResourcesBuildPhase;
			buildActionMask = 2147483647;
			files = (
			);
			runOnlyForDeploymentPostprocessing = 0;
		};
		D0A9E6B12815A71100121718 /* Resources */ = {
			isa = PBXResourcesBuildPhase;
			buildActionMask = 2147483647;
			files = (
			);
			runOnlyForDeploymentPostprocessing = 0;
		};
/* End PBXResourcesBuildPhase section */

/* Begin PBXSourcesBuildPhase section */
		D0A9E6952815A70F00121718 /* Sources */ = {
			isa = PBXSourcesBuildPhase;
			buildActionMask = 2147483647;
			files = (
				D0A9E69F2815A70F00121718 /* ContentView.swift in Sources */,
				D0A9E6C72815A73F00121718 /* Fib.swift in Sources */,
				D0A9E69D2815A70F00121718 /* E2App.swift in Sources */,
			);
			runOnlyForDeploymentPostprocessing = 0;
		};
		D0A9E6A52815A71100121718 /* Sources */ = {
			isa = PBXSourcesBuildPhase;
			buildActionMask = 2147483647;
			files = (
				D0A9E6AE2815A71100121718 /* E2Tests.swift in Sources */,
			);
			runOnlyForDeploymentPostprocessing = 0;
		};
		D0A9E6AF2815A71100121718 /* Sources */ = {
			isa = PBXSourcesBuildPhase;
			buildActionMask = 2147483647;
			files = (
				D0A9E6B82815A71100121718 /* E2UITests.swift in Sources */,
				D0A9E6BA2815A71100121718 /* E2UITestsLaunchTests.swift in Sources */,
			);
			runOnlyForDeploymentPostprocessing = 0;
		};
/* End PBXSourcesBuildPhase section */

/* Begin PBXTargetDependency section */
		D0A9E6AB2815A71100121718 /* PBXTargetDependency */ = {
			isa = PBXTargetDependency;
			target = D0A9E6982815A70F00121718 /* E2 */;
			targetProxy = D0A9E6AA2815A71100121718 /* PBXContainerItemProxy */;
		};
		D0A9E6B52815A71100121718 /* PBXTargetDependency */ = {
			isa = PBXTargetDependency;
			target = D0A9E6982815A70F00121718 /* E2 */;
			targetProxy = D0A9E6B42815A71100121718 /* PBXContainerItemProxy */;
		};
/* End PBXTargetDependency section */

/* Begin XCBuildConfiguration section */
		D0A9E6BB2815A71100121718 /* Debug */ = {
			isa = XCBuildConfiguration;
			buildSettings = {
				ALWAYS_SEARCH_USER_PATHS = NO;
				CLANG_ANALYZER_NONNULL = YES;
				CLANG_ANALYZER_NUMBER_OBJECT_CONVERSION = YES_AGGRESSIVE;
				CLANG_CXX_LANGUAGE_STANDARD = "gnu++17";
				CLANG_CXX_LIBRARY = "libc++";
				CLANG_ENABLE_MODULES = YES;
				CLANG_ENABLE_OBJC_ARC = YES;
				CLANG_ENABLE_OBJC_WEAK = YES;
				CLANG_WARN_BLOCK_CAPTURE_AUTORELEASING = YES;
				CLANG_WARN_BOOL_CONVERSION = YES;
				CLANG_WARN_COMMA = YES;
				CLANG_WARN_CONSTANT_CONVERSION = YES;
				CLANG_WARN_DEPRECATED_OBJC_IMPLEMENTATIONS = YES;
				CLANG_WARN_DIRECT_OBJC_ISA_USAGE = YES_ERROR;
				CLANG_WARN_DOCUMENTATION_COMMENTS = YES;
				CLANG_WARN_EMPTY_BODY = YES;
				CLANG_WARN_ENUM_CONVERSION = YES;
				CLANG_WARN_INFINITE_RECURSION = YES;
				CLANG_WARN_INT_CONVERSION = YES;
				CLANG_WARN_NON_LITERAL_NULL_CONVERSION = YES;
				CLANG_WARN_OBJC_IMPLICIT_RETAIN_SELF = YES;
				CLANG_WARN_OBJC_LITERAL_CONVERSION = YES;
				CLANG_WARN_OBJC_ROOT_CLASS = YES_ERROR;
				CLANG_WARN_QUOTED_INCLUDE_IN_FRAMEWORK_HEADER = YES;
				CLANG_WARN_RANGE_LOOP_ANALYSIS = YES;
				CLANG_WARN_STRICT_PROTOTYPES = YES;
				CLANG_WARN_SUSPICIOUS_MOVE = YES;
				CLANG_WARN_UNGUARDED_AVAILABILITY = YES_AGGRESSIVE;
				CLANG_WARN_UNREACHABLE_CODE = YES;
				CLANG_WARN__DUPLICATE_METHOD_MATCH = YES;
				COPY_PHASE_STRIP = NO;
				DEBUG_INFORMATION_FORMAT = dwarf;
				ENABLE_STRICT_OBJC_MSGSEND = YES;
				ENABLE_TESTABILITY = YES;
				GCC_C_LANGUAGE_STANDARD = gnu11;
				GCC_DYNAMIC_NO_PIC = NO;
				GCC_NO_COMMON_BLOCKS = YES;
				GCC_OPTIMIZATION_LEVEL = 0;
				GCC_PREPROCESSOR_DEFINITIONS = (
					"DEBUG=1",
					"$(inherited)",
				);
				GCC_WARN_64_TO_32_BIT_CONVERSION = YES;
				GCC_WARN_ABOUT_RETURN_TYPE = YES_ERROR;
				GCC_WARN_UNDECLARED_SELECTOR = YES;
				GCC_WARN_UNINITIALIZED_AUTOS = YES_AGGRESSIVE;
				GCC_WARN_UNUSED_FUNCTION = YES;
				GCC_WARN_UNUSED_VARIABLE = YES;
				IPHONEOS_DEPLOYMENT_TARGET = 15.2;
				MTL_ENABLE_DEBUG_INFO = INCLUDE_SOURCE;
				MTL_FAST_MATH = YES;
				ONLY_ACTIVE_ARCH = YES;
				SDKROOT = iphoneos;
				SWIFT_ACTIVE_COMPILATION_CONDITIONS = DEBUG;
				SWIFT_OPTIMIZATION_LEVEL = "-Onone";
			};
			name = Debug;
		};
		D0A9E6BC2815A71100121718 /* Release */ = {
			isa = XCBuildConfiguration;
			buildSettings = {
				ALWAYS_SEARCH_USER_PATHS = NO;
				CLANG_ANALYZER_NONNULL = YES;
				CLANG_ANALYZER_NUMBER_OBJECT_CONVERSION = YES_AGGRESSIVE;
				CLANG_CXX_LANGUAGE_STANDARD = "gnu++17";
				CLANG_CXX_LIBRARY = "libc++";
				CLANG_ENABLE_MODULES = YES;
				CLANG_ENABLE_OBJC_ARC = YES;
				CLANG_ENABLE_OBJC_WEAK = YES;
				CLANG_WARN_BLOCK_CAPTURE_AUTORELEASING = YES;
				CLANG_WARN_BOOL_CONVERSION = YES;
				CLANG_WARN_COMMA = YES;
				CLANG_WARN_CONSTANT_CONVERSION = YES;
				CLANG_WARN_DEPRECATED_OBJC_IMPLEMENTATIONS = YES;
				CLANG_WARN_DIRECT_OBJC_ISA_USAGE = YES_ERROR;
				CLANG_WARN_DOCUMENTATION_COMMENTS = YES;
				CLANG_WARN_EMPTY_BODY = YES;
				CLANG_WARN_ENUM_CONVERSION = YES;
				CLANG_WARN_INFINITE_RECURSION = YES;
				CLANG_WARN_INT_CONVERSION = YES;
				CLANG_WARN_NON_LITERAL_NULL_CONVERSION = YES;
				CLANG_WARN_OBJC_IMPLICIT_RETAIN_SELF = YES;
				CLANG_WARN_OBJC_LITERAL_CONVERSION = YES;
				CLANG_WARN_OBJC_ROOT_CLASS = YES_ERROR;
				CLANG_WARN_QUOTED_INCLUDE_IN_FRAMEWORK_HEADER = YES;
				CLANG_WARN_RANGE_LOOP_ANALYSIS = YES;
				CLANG_WARN_STRICT_PROTOTYPES = YES;
				CLANG_WARN_SUSPICIOUS_MOVE = YES;
				CLANG_WARN_UNGUARDED_AVAILABILITY = YES_AGGRESSIVE;
				CLANG_WARN_UNREACHABLE_CODE = YES;
				CLANG_WARN__DUPLICATE_METHOD_MATCH = YES;
				COPY_PHASE_STRIP = NO;
				DEBUG_INFORMATION_FORMAT = "dwarf-with-dsym";
				ENABLE_NS_ASSERTIONS = NO;
				ENABLE_STRICT_OBJC_MSGSEND = YES;
				GCC_C_LANGUAGE_STANDARD = gnu11;
				GCC_NO_COMMON_BLOCKS = YES;
				GCC_WARN_64_TO_32_BIT_CONVERSION = YES;
				GCC_WARN_ABOUT_RETURN_TYPE = YES_ERROR;
				GCC_WARN_UNDECLARED_SELECTOR = YES;
				GCC_WARN_UNINITIALIZED_AUTOS = YES_AGGRESSIVE;
				GCC_WARN_UNUSED_FUNCTION = YES;
				GCC_WARN_UNUSED_VARIABLE = YES;
				IPHONEOS_DEPLOYMENT_TARGET = 15.2;
				MTL_ENABLE_DEBUG_INFO = NO;
				MTL_FAST_MATH = YES;
				SDKROOT = iphoneos;
				SWIFT_COMPILATION_MODE = wholemodule;
				SWIFT_OPTIMIZATION_LEVEL = "-O";
				VALIDATE_PRODUCT = YES;
			};
			name = Release;
		};
		D0A9E6BE2815A71100121718 /* Debug */ = {
			isa = XCBuildConfiguration;
			buildSettings = {
				ASSETCATALOG_COMPILER_APPICON_NAME = AppIcon;
				ASSETCATALOG_COMPILER_GLOBAL_ACCENT_COLOR_NAME = AccentColor;
				CODE_SIGN_STYLE = Automatic;
				CURRENT_PROJECT_VERSION = 1;
				DEVELOPMENT_ASSET_PATHS = "\"E2/Preview Content\"";
				ENABLE_PREVIEWS = YES;
				GENERATE_INFOPLIST_FILE = YES;
				INFOPLIST_KEY_UIApplicationSceneManifest_Generation = YES;
				INFOPLIST_KEY_UIApplicationSupportsIndirectInputEvents = YES;
				INFOPLIST_KEY_UILaunchScreen_Generation = YES;
				INFOPLIST_KEY_UISupportedInterfaceOrientations_iPad = "UIInterfaceOrientationPortrait UIInterfaceOrientationPortraitUpsideDown UIInterfaceOrientationLandscapeLeft UIInterfaceOrientationLandscapeRight";
				INFOPLIST_KEY_UISupportedInterfaceOrientations_iPhone = "UIInterfaceOrientationPortrait UIInterfaceOrientationLandscapeLeft UIInterfaceOrientationLandscapeRight";
				LD_RUNPATH_SEARCH_PATHS = (
					"$(inherited)",
					"@executable_path/Frameworks",
				);
				MARKETING_VERSION = 1.0;
				PRODUCT_BUNDLE_IDENTIFIER = com.revature.E2;
				PRODUCT_NAME = "$(TARGET_NAME)";
				SWIFT_EMIT_LOC_STRINGS = YES;
				SWIFT_VERSION = 5.0;
				TARGETED_DEVICE_FAMILY = "1,2";
			};
			name = Debug;
		};
		D0A9E6BF2815A71100121718 /* Release */ = {
			isa = XCBuildConfiguration;
			buildSettings = {
				ASSETCATALOG_COMPILER_APPICON_NAME = AppIcon;
				ASSETCATALOG_COMPILER_GLOBAL_ACCENT_COLOR_NAME = AccentColor;
				CODE_SIGN_STYLE = Automatic;
				CURRENT_PROJECT_VERSION = 1;
				DEVELOPMENT_ASSET_PATHS = "\"E2/Preview Content\"";
				ENABLE_PREVIEWS = YES;
				GENERATE_INFOPLIST_FILE = YES;
				INFOPLIST_KEY_UIApplicationSceneManifest_Generation = YES;
				INFOPLIST_KEY_UIApplicationSupportsIndirectInputEvents = YES;
				INFOPLIST_KEY_UILaunchScreen_Generation = YES;
				INFOPLIST_KEY_UISupportedInterfaceOrientations_iPad = "UIInterfaceOrientationPortrait UIInterfaceOrientationPortraitUpsideDown UIInterfaceOrientationLandscapeLeft UIInterfaceOrientationLandscapeRight";
				INFOPLIST_KEY_UISupportedInterfaceOrientations_iPhone = "UIInterfaceOrientationPortrait UIInterfaceOrientationLandscapeLeft UIInterfaceOrientationLandscapeRight";
				LD_RUNPATH_SEARCH_PATHS = (
					"$(inherited)",
					"@executable_path/Frameworks",
				);
				MARKETING_VERSION = 1.0;
				PRODUCT_BUNDLE_IDENTIFIER = com.revature.E2;
				PRODUCT_NAME = "$(TARGET_NAME)";
				SWIFT_EMIT_LOC_STRINGS = YES;
				SWIFT_VERSION = 5.0;
				TARGETED_DEVICE_FAMILY = "1,2";
			};
			name = Release;
		};
		D0A9E6C12815A71100121718 /* Debug */ = {
			isa = XCBuildConfiguration;
			buildSettings = {
				ALWAYS_EMBED_SWIFT_STANDARD_LIBRARIES = YES;
				BUNDLE_LOADER = "$(TEST_HOST)";
				CODE_SIGN_STYLE = Automatic;
				CURRENT_PROJECT_VERSION = 1;
				GENERATE_INFOPLIST_FILE = YES;
				IPHONEOS_DEPLOYMENT_TARGET = 15.2;
				MARKETING_VERSION = 1.0;
				PRODUCT_BUNDLE_IDENTIFIER = com.revature.E2Tests;
				PRODUCT_NAME = "$(TARGET_NAME)";
				SWIFT_EMIT_LOC_STRINGS = NO;
				SWIFT_VERSION = 5.0;
				TARGETED_DEVICE_FAMILY = "1,2";
				TEST_HOST = "$(BUILT_PRODUCTS_DIR)/E2.app/E2";
			};
			name = Debug;
		};
		D0A9E6C22815A71100121718 /* Release */ = {
			isa = XCBuildConfiguration;
			buildSettings = {
				ALWAYS_EMBED_SWIFT_STANDARD_LIBRARIES = YES;
				BUNDLE_LOADER = "$(TEST_HOST)";
				CODE_SIGN_STYLE = Automatic;
				CURRENT_PROJECT_VERSION = 1;
				GENERATE_INFOPLIST_FILE = YES;
				IPHONEOS_DEPLOYMENT_TARGET = 15.2;
				MARKETING_VERSION = 1.0;
				PRODUCT_BUNDLE_IDENTIFIER = com.revature.E2Tests;
				PRODUCT_NAME = "$(TARGET_NAME)";
				SWIFT_EMIT_LOC_STRINGS = NO;
				SWIFT_VERSION = 5.0;
				TARGETED_DEVICE_FAMILY = "1,2";
				TEST_HOST = "$(BUILT_PRODUCTS_DIR)/E2.app/E2";
			};
			name = Release;
		};
		D0A9E6C42815A71100121718 /* Debug */ = {
			isa = XCBuildConfiguration;
			buildSettings = {
				ALWAYS_EMBED_SWIFT_STANDARD_LIBRARIES = YES;
				CODE_SIGN_STYLE = Automatic;
				CURRENT_PROJECT_VERSION = 1;
				GENERATE_INFOPLIST_FILE = YES;
				MARKETING_VERSION = 1.0;
				PRODUCT_BUNDLE_IDENTIFIER = com.revature.E2UITests;
				PRODUCT_NAME = "$(TARGET_NAME)";
				SWIFT_EMIT_LOC_STRINGS = NO;
				SWIFT_VERSION = 5.0;
				TARGETED_DEVICE_FAMILY = "1,2";
				TEST_TARGET_NAME = E2;
			};
			name = Debug;
		};
		D0A9E6C52815A71100121718 /* Release */ = {
			isa = XCBuildConfiguration;
			buildSettings = {
				ALWAYS_EMBED_SWIFT_STANDARD_LIBRARIES = YES;
				CODE_SIGN_STYLE = Automatic;
				CURRENT_PROJECT_VERSION = 1;
				GENERATE_INFOPLIST_FILE = YES;
				MARKETING_VERSION = 1.0;
				PRODUCT_BUNDLE_IDENTIFIER = com.revature.E2UITests;
				PRODUCT_NAME = "$(TARGET_NAME)";
				SWIFT_EMIT_LOC_STRINGS = NO;
				SWIFT_VERSION = 5.0;
				TARGETED_DEVICE_FAMILY = "1,2";
				TEST_TARGET_NAME = E2;
			};
			name = Release;
		};
/* End XCBuildConfiguration section */

/* Begin XCConfigurationList section */
		D0A9E6942815A70F00121718 /* Build configuration list for PBXProject "E2" */ = {
			isa = XCConfigurationList;
			buildConfigurations = (
				D0A9E6BB2815A71100121718 /* Debug */,
				D0A9E6BC2815A71100121718 /* Release */,
			);
			defaultConfigurationIsVisible = 0;
			defaultConfigurationName = Release;
		};
		D0A9E6BD2815A71100121718 /* Build configuration list for PBXNativeTarget "E2" */ = {
			isa = XCConfigurationList;
			buildConfigurations = (
				D0A9E6BE2815A71100121718 /* Debug */,
				D0A9E6BF2815A71100121718 /* Release */,
			);
			defaultConfigurationIsVisible = 0;
			defaultConfigurationName = Release;
		};
		D0A9E6C02815A71100121718 /* Build configuration list for PBXNativeTarget "E2Tests" */ = {
			isa = XCConfigurationList;
			buildConfigurations = (
				D0A9E6C12815A71100121718 /* Debug */,
				D0A9E6C22815A71100121718 /* Release */,
			);
			defaultConfigurationIsVisible = 0;
			defaultConfigurationName = Release;
		};
		D0A9E6C32815A71100121718 /* Build configuration list for PBXNativeTarget "E2UITests" */ = {
			isa = XCConfigurationList;
			buildConfigurations = (
				D0A9E6C42815A71100121718 /* Debug */,
				D0A9E6C52815A71100121718 /* Release */,
			);
			defaultConfigurationIsVisible = 0;
			defaultConfigurationName = Release;
		};
/* End XCConfigurationList section */
	};
	rootObject = D0A9E6912815A70F00121718 /* Project object */;
}
