// !$*UTF8*$!
{
	archiveVersion = 1;
	classes = {
	};
	objectVersion = 55;
	objects = {

/* Begin PBXBuildFile section */
		D0AA9DA4281D9C08006B3982 /* E4App.swift in Sources */ = {isa = PBXBuildFile; fileRef = D0AA9DA3281D9C08006B3982 /* E4App.swift */; };
		D0AA9DA6281D9C08006B3982 /* ContentView.swift in Sources */ = {isa = PBXBuildFile; fileRef = D0AA9DA5281D9C08006B3982 /* ContentView.swift */; };
		D0AA9DA8281D9C09006B3982 /* Assets.xcassets in Resources */ = {isa = PBXBuildFile; fileRef = D0AA9DA7281D9C09006B3982 /* Assets.xcassets */; };
		D0AA9DAB281D9C09006B3982 /* Preview Assets.xcassets in Resources */ = {isa = PBXBuildFile; fileRef = D0AA9DAA281D9C09006B3982 /* Preview Assets.xcassets */; };
		D0AA9DB5281D9C09006B3982 /* E4Tests.swift in Sources */ = {isa = PBXBuildFile; fileRef = D0AA9DB4281D9C09006B3982 /* E4Tests.swift */; };
		D0AA9DBF281D9C0A006B3982 /* E4UITests.swift in Sources */ = {isa = PBXBuildFile; fileRef = D0AA9DBE281D9C0A006B3982 /* E4UITests.swift */; };
		D0AA9DC1281D9C0A006B3982 /* E4UITestsLaunchTests.swift in Sources */ = {isa = PBXBuildFile; fileRef = D0AA9DC0281D9C0A006B3982 /* E4UITestsLaunchTests.swift */; };
		D0AA9DCE281D9C26006B3982 /* PalindromicNumber.swift in Sources */ = {isa = PBXBuildFile; fileRef = D0AA9DCD281D9C26006B3982 /* PalindromicNumber.swift */; };
/* End PBXBuildFile section */

/* Begin PBXContainerItemProxy section */
		D0AA9DB1281D9C09006B3982 /* PBXContainerItemProxy */ = {
			isa = PBXContainerItemProxy;
			containerPortal = D0AA9D98281D9C08006B3982 /* Project object */;
			proxyType = 1;
			remoteGlobalIDString = D0AA9D9F281D9C08006B3982;
			remoteInfo = E4;
		};
		D0AA9DBB281D9C0A006B3982 /* PBXContainerItemProxy */ = {
			isa = PBXContainerItemProxy;
			containerPortal = D0AA9D98281D9C08006B3982 /* Project object */;
			proxyType = 1;
			remoteGlobalIDString = D0AA9D9F281D9C08006B3982;
			remoteInfo = E4;
		};
/* End PBXContainerItemProxy section */

/* Begin PBXFileReference section */
		D0AA9DA0281D9C08006B3982 /* E4.app */ = {isa = PBXFileReference; explicitFileType = wrapper.application; includeInIndex = 0; path = E4.app; sourceTree = BUILT_PRODUCTS_DIR; };
		D0AA9DA3281D9C08006B3982 /* E4App.swift */ = {isa = PBXFileReference; lastKnownFileType = sourcecode.swift; path = E4App.swift; sourceTree = "<group>"; };
		D0AA9DA5281D9C08006B3982 /* ContentView.swift */ = {isa = PBXFileReference; lastKnownFileType = sourcecode.swift; path = ContentView.swift; sourceTree = "<group>"; };
		D0AA9DA7281D9C09006B3982 /* Assets.xcassets */ = {isa = PBXFileReference; lastKnownFileType = folder.assetcatalog; path = Assets.xcassets; sourceTree = "<group>"; };
		D0AA9DAA281D9C09006B3982 /* Preview Assets.xcassets */ = {isa = PBXFileReference; lastKnownFileType = folder.assetcatalog; path = "Preview Assets.xcassets"; sourceTree = "<group>"; };
		D0AA9DB0281D9C09006B3982 /* E4Tests.xctest */ = {isa = PBXFileReference; explicitFileType = wrapper.cfbundle; includeInIndex = 0; path = E4Tests.xctest; sourceTree = BUILT_PRODUCTS_DIR; };
		D0AA9DB4281D9C09006B3982 /* E4Tests.swift */ = {isa = PBXFileReference; lastKnownFileType = sourcecode.swift; path = E4Tests.swift; sourceTree = "<group>"; };
		D0AA9DBA281D9C0A006B3982 /* E4UITests.xctest */ = {isa = PBXFileReference; explicitFileType = wrapper.cfbundle; includeInIndex = 0; path = E4UITests.xctest; sourceTree = BUILT_PRODUCTS_DIR; };
		D0AA9DBE281D9C0A006B3982 /* E4UITests.swift */ = {isa = PBXFileReference; lastKnownFileType = sourcecode.swift; path = E4UITests.swift; sourceTree = "<group>"; };
		D0AA9DC0281D9C0A006B3982 /* E4UITestsLaunchTests.swift */ = {isa = PBXFileReference; lastKnownFileType = sourcecode.swift; path = E4UITestsLaunchTests.swift; sourceTree = "<group>"; };
		D0AA9DCD281D9C26006B3982 /* PalindromicNumber.swift */ = {isa = PBXFileReference; lastKnownFileType = sourcecode.swift; path = PalindromicNumber.swift; sourceTree = "<group>"; };
/* End PBXFileReference section */

/* Begin PBXFrameworksBuildPhase section */
		D0AA9D9D281D9C08006B3982 /* Frameworks */ = {
			isa = PBXFrameworksBuildPhase;
			buildActionMask = 2147483647;
			files = (
			);
			runOnlyForDeploymentPostprocessing = 0;
		};
		D0AA9DAD281D9C09006B3982 /* Frameworks */ = {
			isa = PBXFrameworksBuildPhase;
			buildActionMask = 2147483647;
			files = (
			);
			runOnlyForDeploymentPostprocessing = 0;
		};
		D0AA9DB7281D9C09006B3982 /* Frameworks */ = {
			isa = PBXFrameworksBuildPhase;
			buildActionMask = 2147483647;
			files = (
			);
			runOnlyForDeploymentPostprocessing = 0;
		};
/* End PBXFrameworksBuildPhase section */

/* Begin PBXGroup section */
		D0AA9D97281D9C08006B3982 = {
			isa = PBXGroup;
			children = (
				D0AA9DA2281D9C08006B3982 /* E4 */,
				D0AA9DB3281D9C09006B3982 /* E4Tests */,
				D0AA9DBD281D9C0A006B3982 /* E4UITests */,
				D0AA9DA1281D9C08006B3982 /* Products */,
			);
			sourceTree = "<group>";
		};
		D0AA9DA1281D9C08006B3982 /* Products */ = {
			isa = PBXGroup;
			children = (
				D0AA9DA0281D9C08006B3982 /* E4.app */,
				D0AA9DB0281D9C09006B3982 /* E4Tests.xctest */,
				D0AA9DBA281D9C0A006B3982 /* E4UITests.xctest */,
			);
			name = Products;
			sourceTree = "<group>";
		};
		D0AA9DA2281D9C08006B3982 /* E4 */ = {
			isa = PBXGroup;
			children = (
				D0AA9DA3281D9C08006B3982 /* E4App.swift */,
				D0AA9DA5281D9C08006B3982 /* ContentView.swift */,
				D0AA9DCD281D9C26006B3982 /* PalindromicNumber.swift */,
				D0AA9DA7281D9C09006B3982 /* Assets.xcassets */,
				D0AA9DA9281D9C09006B3982 /* Preview Content */,
			);
			path = E4;
			sourceTree = "<group>";
		};
		D0AA9DA9281D9C09006B3982 /* Preview Content */ = {
			isa = PBXGroup;
			children = (
				D0AA9DAA281D9C09006B3982 /* Preview Assets.xcassets */,
			);
			path = "Preview Content";
			sourceTree = "<group>";
		};
		D0AA9DB3281D9C09006B3982 /* E4Tests */ = {
			isa = PBXGroup;
			children = (
				D0AA9DB4281D9C09006B3982 /* E4Tests.swift */,
			);
			path = E4Tests;
			sourceTree = "<group>";
		};
		D0AA9DBD281D9C0A006B3982 /* E4UITests */ = {
			isa = PBXGroup;
			children = (
				D0AA9DBE281D9C0A006B3982 /* E4UITests.swift */,
				D0AA9DC0281D9C0A006B3982 /* E4UITestsLaunchTests.swift */,
			);
			path = E4UITests;
			sourceTree = "<group>";
		};
/* End PBXGroup section */

/* Begin PBXNativeTarget section */
		D0AA9D9F281D9C08006B3982 /* E4 */ = {
			isa = PBXNativeTarget;
			buildConfigurationList = D0AA9DC4281D9C0A006B3982 /* Build configuration list for PBXNativeTarget "E4" */;
			buildPhases = (
				D0AA9D9C281D9C08006B3982 /* Sources */,
				D0AA9D9D281D9C08006B3982 /* Frameworks */,
				D0AA9D9E281D9C08006B3982 /* Resources */,
			);
			buildRules = (
			);
			dependencies = (
			);
			name = E4;
			productName = E4;
			productReference = D0AA9DA0281D9C08006B3982 /* E4.app */;
			productType = "com.apple.product-type.application";
		};
		D0AA9DAF281D9C09006B3982 /* E4Tests */ = {
			isa = PBXNativeTarget;
			buildConfigurationList = D0AA9DC7281D9C0A006B3982 /* Build configuration list for PBXNativeTarget "E4Tests" */;
			buildPhases = (
				D0AA9DAC281D9C09006B3982 /* Sources */,
				D0AA9DAD281D9C09006B3982 /* Frameworks */,
				D0AA9DAE281D9C09006B3982 /* Resources */,
			);
			buildRules = (
			);
			dependencies = (
				D0AA9DB2281D9C09006B3982 /* PBXTargetDependency */,
			);
			name = E4Tests;
			productName = E4Tests;
			productReference = D0AA9DB0281D9C09006B3982 /* E4Tests.xctest */;
			productType = "com.apple.product-type.bundle.unit-test";
		};
		D0AA9DB9281D9C09006B3982 /* E4UITests */ = {
			isa = PBXNativeTarget;
			buildConfigurationList = D0AA9DCA281D9C0A006B3982 /* Build configuration list for PBXNativeTarget "E4UITests" */;
			buildPhases = (
				D0AA9DB6281D9C09006B3982 /* Sources */,
				D0AA9DB7281D9C09006B3982 /* Frameworks */,
				D0AA9DB8281D9C09006B3982 /* Resources */,
			);
			buildRules = (
			);
			dependencies = (
				D0AA9DBC281D9C0A006B3982 /* PBXTargetDependency */,
			);
			name = E4UITests;
			productName = E4UITests;
			productReference = D0AA9DBA281D9C0A006B3982 /* E4UITests.xctest */;
			productType = "com.apple.product-type.bundle.ui-testing";
		};
/* End PBXNativeTarget section */

/* Begin PBXProject section */
		D0AA9D98281D9C08006B3982 /* Project object */ = {
			isa = PBXProject;
			attributes = {
				BuildIndependentTargetsInParallel = 1;
				LastSwiftUpdateCheck = 1320;
				LastUpgradeCheck = 1320;
				TargetAttributes = {
					D0AA9D9F281D9C08006B3982 = {
						CreatedOnToolsVersion = 13.2.1;
					};
					D0AA9DAF281D9C09006B3982 = {
						CreatedOnToolsVersion = 13.2.1;
						TestTargetID = D0AA9D9F281D9C08006B3982;
					};
					D0AA9DB9281D9C09006B3982 = {
						CreatedOnToolsVersion = 13.2.1;
						TestTargetID = D0AA9D9F281D9C08006B3982;
					};
				};
			};
			buildConfigurationList = D0AA9D9B281D9C08006B3982 /* Build configuration list for PBXProject "E4" */;
			compatibilityVersion = "Xcode 13.0";
			developmentRegion = en;
			hasScannedForEncodings = 0;
			knownRegions = (
				en,
				Base,
			);
			mainGroup = D0AA9D97281D9C08006B3982;
			productRefGroup = D0AA9DA1281D9C08006B3982 /* Products */;
			projectDirPath = "";
			projectRoot = "";
			targets = (
				D0AA9D9F281D9C08006B3982 /* E4 */,
				D0AA9DAF281D9C09006B3982 /* E4Tests */,
				D0AA9DB9281D9C09006B3982 /* E4UITests */,
			);
		};
/* End PBXProject section */

/* Begin PBXResourcesBuildPhase section */
		D0AA9D9E281D9C08006B3982 /* Resources */ = {
			isa = PBXResourcesBuildPhase;
			buildActionMask = 2147483647;
			files = (
				D0AA9DAB281D9C09006B3982 /* Preview Assets.xcassets in Resources */,
				D0AA9DA8281D9C09006B3982 /* Assets.xcassets in Resources */,
			);
			runOnlyForDeploymentPostprocessing = 0;
		};
		D0AA9DAE281D9C09006B3982 /* Resources */ = {
			isa = PBXResourcesBuildPhase;
			buildActionMask = 2147483647;
			files = (
			);
			runOnlyForDeploymentPostprocessing = 0;
		};
		D0AA9DB8281D9C09006B3982 /* Resources */ = {
			isa = PBXResourcesBuildPhase;
			buildActionMask = 2147483647;
			files = (
			);
			runOnlyForDeploymentPostprocessing = 0;
		};
/* End PBXResourcesBuildPhase section */

/* Begin PBXSourcesBuildPhase section */
		D0AA9D9C281D9C08006B3982 /* Sources */ = {
			isa = PBXSourcesBuildPhase;
			buildActionMask = 2147483647;
			files = (
				D0AA9DCE281D9C26006B3982 /* PalindromicNumber.swift in Sources */,
				D0AA9DA6281D9C08006B3982 /* ContentView.swift in Sources */,
				D0AA9DA4281D9C08006B3982 /* E4App.swift in Sources */,
			);
			runOnlyForDeploymentPostprocessing = 0;
		};
		D0AA9DAC281D9C09006B3982 /* Sources */ = {
			isa = PBXSourcesBuildPhase;
			buildActionMask = 2147483647;
			files = (
				D0AA9DB5281D9C09006B3982 /* E4Tests.swift in Sources */,
			);
			runOnlyForDeploymentPostprocessing = 0;
		};
		D0AA9DB6281D9C09006B3982 /* Sources */ = {
			isa = PBXSourcesBuildPhase;
			buildActionMask = 2147483647;
			files = (
				D0AA9DBF281D9C0A006B3982 /* E4UITests.swift in Sources */,
				D0AA9DC1281D9C0A006B3982 /* E4UITestsLaunchTests.swift in Sources */,
			);
			runOnlyForDeploymentPostprocessing = 0;
		};
/* End PBXSourcesBuildPhase section */

/* Begin PBXTargetDependency section */
		D0AA9DB2281D9C09006B3982 /* PBXTargetDependency */ = {
			isa = PBXTargetDependency;
			target = D0AA9D9F281D9C08006B3982 /* E4 */;
			targetProxy = D0AA9DB1281D9C09006B3982 /* PBXContainerItemProxy */;
		};
		D0AA9DBC281D9C0A006B3982 /* PBXTargetDependency */ = {
			isa = PBXTargetDependency;
			target = D0AA9D9F281D9C08006B3982 /* E4 */;
			targetProxy = D0AA9DBB281D9C0A006B3982 /* PBXContainerItemProxy */;
		};
/* End PBXTargetDependency section */

/* Begin XCBuildConfiguration section */
		D0AA9DC2281D9C0A006B3982 /* Debug */ = {
			isa = XCBuildConfiguration;
			buildSettings = {
				ALWAYS_SEARCH_USER_PATHS = NO;
				CLANG_ANALYZER_NONNULL = YES;
				CLANG_ANALYZER_NUMBER_OBJECT_CONVERSION = YES_AGGRESSIVE;
				CLANG_CXX_LANGUAGE_STANDARD = "gnu++17";
				CLANG_CXX_LIBRARY = "libc++";
				CLANG_ENABLE_MODULES = YES;
				CLANG_ENABLE_OBJC_ARC = YES;
				CLANG_ENABLE_OBJC_WEAK = YES;
				CLANG_WARN_BLOCK_CAPTURE_AUTORELEASING = YES;
				CLANG_WARN_BOOL_CONVERSION = YES;
				CLANG_WARN_COMMA = YES;
				CLANG_WARN_CONSTANT_CONVERSION = YES;
				CLANG_WARN_DEPRECATED_OBJC_IMPLEMENTATIONS = YES;
				CLANG_WARN_DIRECT_OBJC_ISA_USAGE = YES_ERROR;
				CLANG_WARN_DOCUMENTATION_COMMENTS = YES;
				CLANG_WARN_EMPTY_BODY = YES;
				CLANG_WARN_ENUM_CONVERSION = YES;
				CLANG_WARN_INFINITE_RECURSION = YES;
				CLANG_WARN_INT_CONVERSION = YES;
				CLANG_WARN_NON_LITERAL_NULL_CONVERSION = YES;
				CLANG_WARN_OBJC_IMPLICIT_RETAIN_SELF = YES;
				CLANG_WARN_OBJC_LITERAL_CONVERSION = YES;
				CLANG_WARN_OBJC_ROOT_CLASS = YES_ERROR;
				CLANG_WARN_QUOTED_INCLUDE_IN_FRAMEWORK_HEADER = YES;
				CLANG_WARN_RANGE_LOOP_ANALYSIS = YES;
				CLANG_WARN_STRICT_PROTOTYPES = YES;
				CLANG_WARN_SUSPICIOUS_MOVE = YES;
				CLANG_WARN_UNGUARDED_AVAILABILITY = YES_AGGRESSIVE;
				CLANG_WARN_UNREACHABLE_CODE = YES;
				CLANG_WARN__DUPLICATE_METHOD_MATCH = YES;
				COPY_PHASE_STRIP = NO;
				DEBUG_INFORMATION_FORMAT = dwarf;
				ENABLE_STRICT_OBJC_MSGSEND = YES;
				ENABLE_TESTABILITY = YES;
				GCC_C_LANGUAGE_STANDARD = gnu11;
				GCC_DYNAMIC_NO_PIC = NO;
				GCC_NO_COMMON_BLOCKS = YES;
				GCC_OPTIMIZATION_LEVEL = 0;
				GCC_PREPROCESSOR_DEFINITIONS = (
					"DEBUG=1",
					"$(inherited)",
				);
				GCC_WARN_64_TO_32_BIT_CONVERSION = YES;
				GCC_WARN_ABOUT_RETURN_TYPE = YES_ERROR;
				GCC_WARN_UNDECLARED_SELECTOR = YES;
				GCC_WARN_UNINITIALIZED_AUTOS = YES_AGGRESSIVE;
				GCC_WARN_UNUSED_FUNCTION = YES;
				GCC_WARN_UNUSED_VARIABLE = YES;
				IPHONEOS_DEPLOYMENT_TARGET = 15.2;
				MTL_ENABLE_DEBUG_INFO = INCLUDE_SOURCE;
				MTL_FAST_MATH = YES;
				ONLY_ACTIVE_ARCH = YES;
				SDKROOT = iphoneos;
				SWIFT_ACTIVE_COMPILATION_CONDITIONS = DEBUG;
				SWIFT_OPTIMIZATION_LEVEL = "-Onone";
			};
			name = Debug;
		};
		D0AA9DC3281D9C0A006B3982 /* Release */ = {
			isa = XCBuildConfiguration;
			buildSettings = {
				ALWAYS_SEARCH_USER_PATHS = NO;
				CLANG_ANALYZER_NONNULL = YES;
				CLANG_ANALYZER_NUMBER_OBJECT_CONVERSION = YES_AGGRESSIVE;
				CLANG_CXX_LANGUAGE_STANDARD = "gnu++17";
				CLANG_CXX_LIBRARY = "libc++";
				CLANG_ENABLE_MODULES = YES;
				CLANG_ENABLE_OBJC_ARC = YES;
				CLANG_ENABLE_OBJC_WEAK = YES;
				CLANG_WARN_BLOCK_CAPTURE_AUTORELEASING = YES;
				CLANG_WARN_BOOL_CONVERSION = YES;
				CLANG_WARN_COMMA = YES;
				CLANG_WARN_CONSTANT_CONVERSION = YES;
				CLANG_WARN_DEPRECATED_OBJC_IMPLEMENTATIONS = YES;
				CLANG_WARN_DIRECT_OBJC_ISA_USAGE = YES_ERROR;
				CLANG_WARN_DOCUMENTATION_COMMENTS = YES;
				CLANG_WARN_EMPTY_BODY = YES;
				CLANG_WARN_ENUM_CONVERSION = YES;
				CLANG_WARN_INFINITE_RECURSION = YES;
				CLANG_WARN_INT_CONVERSION = YES;
				CLANG_WARN_NON_LITERAL_NULL_CONVERSION = YES;
				CLANG_WARN_OBJC_IMPLICIT_RETAIN_SELF = YES;
				CLANG_WARN_OBJC_LITERAL_CONVERSION = YES;
				CLANG_WARN_OBJC_ROOT_CLASS = YES_ERROR;
				CLANG_WARN_QUOTED_INCLUDE_IN_FRAMEWORK_HEADER = YES;
				CLANG_WARN_RANGE_LOOP_ANALYSIS = YES;
				CLANG_WARN_STRICT_PROTOTYPES = YES;
				CLANG_WARN_SUSPICIOUS_MOVE = YES;
				CLANG_WARN_UNGUARDED_AVAILABILITY = YES_AGGRESSIVE;
				CLANG_WARN_UNREACHABLE_CODE = YES;
				CLANG_WARN__DUPLICATE_METHOD_MATCH = YES;
				COPY_PHASE_STRIP = NO;
				DEBUG_INFORMATION_FORMAT = "dwarf-with-dsym";
				ENABLE_NS_ASSERTIONS = NO;
				ENABLE_STRICT_OBJC_MSGSEND = YES;
				GCC_C_LANGUAGE_STANDARD = gnu11;
				GCC_NO_COMMON_BLOCKS = YES;
				GCC_WARN_64_TO_32_BIT_CONVERSION = YES;
				GCC_WARN_ABOUT_RETURN_TYPE = YES_ERROR;
				GCC_WARN_UNDECLARED_SELECTOR = YES;
				GCC_WARN_UNINITIALIZED_AUTOS = YES_AGGRESSIVE;
				GCC_WARN_UNUSED_FUNCTION = YES;
				GCC_WARN_UNUSED_VARIABLE = YES;
				IPHONEOS_DEPLOYMENT_TARGET = 15.2;
				MTL_ENABLE_DEBUG_INFO = NO;
				MTL_FAST_MATH = YES;
				SDKROOT = iphoneos;
				SWIFT_COMPILATION_MODE = wholemodule;
				SWIFT_OPTIMIZATION_LEVEL = "-O";
				VALIDATE_PRODUCT = YES;
			};
			name = Release;
		};
		D0AA9DC5281D9C0A006B3982 /* Debug */ = {
			isa = XCBuildConfiguration;
			buildSettings = {
				ASSETCATALOG_COMPILER_APPICON_NAME = AppIcon;
				ASSETCATALOG_COMPILER_GLOBAL_ACCENT_COLOR_NAME = AccentColor;
				CODE_SIGN_STYLE = Automatic;
				CURRENT_PROJECT_VERSION = 1;
				DEVELOPMENT_ASSET_PATHS = "\"E4/Preview Content\"";
				ENABLE_PREVIEWS = YES;
				GENERATE_INFOPLIST_FILE = YES;
				INFOPLIST_KEY_UIApplicationSceneManifest_Generation = YES;
				INFOPLIST_KEY_UIApplicationSupportsIndirectInputEvents = YES;
				INFOPLIST_KEY_UILaunchScreen_Generation = YES;
				INFOPLIST_KEY_UISupportedInterfaceOrientations_iPad = "UIInterfaceOrientationPortrait UIInterfaceOrientationPortraitUpsideDown UIInterfaceOrientationLandscapeLeft UIInterfaceOrientationLandscapeRight";
				INFOPLIST_KEY_UISupportedInterfaceOrientations_iPhone = "UIInterfaceOrientationPortrait UIInterfaceOrientationLandscapeLeft UIInterfaceOrientationLandscapeRight";
				LD_RUNPATH_SEARCH_PATHS = (
					"$(inherited)",
					"@executable_path/Frameworks",
				);
				MARKETING_VERSION = 1.0;
				PRODUCT_BUNDLE_IDENTIFIER = com.revature.E4;
				PRODUCT_NAME = "$(TARGET_NAME)";
				SWIFT_EMIT_LOC_STRINGS = YES;
				SWIFT_VERSION = 5.0;
				TARGETED_DEVICE_FAMILY = "1,2";
			};
			name = Debug;
		};
		D0AA9DC6281D9C0A006B3982 /* Release */ = {
			isa = XCBuildConfiguration;
			buildSettings = {
				ASSETCATALOG_COMPILER_APPICON_NAME = AppIcon;
				ASSETCATALOG_COMPILER_GLOBAL_ACCENT_COLOR_NAME = AccentColor;
				CODE_SIGN_STYLE = Automatic;
				CURRENT_PROJECT_VERSION = 1;
				DEVELOPMENT_ASSET_PATHS = "\"E4/Preview Content\"";
				ENABLE_PREVIEWS = YES;
				GENERATE_INFOPLIST_FILE = YES;
				INFOPLIST_KEY_UIApplicationSceneManifest_Generation = YES;
				INFOPLIST_KEY_UIApplicationSupportsIndirectInputEvents = YES;
				INFOPLIST_KEY_UILaunchScreen_Generation = YES;
				INFOPLIST_KEY_UISupportedInterfaceOrientations_iPad = "UIInterfaceOrientationPortrait UIInterfaceOrientationPortraitUpsideDown UIInterfaceOrientationLandscapeLeft UIInterfaceOrientationLandscapeRight";
				INFOPLIST_KEY_UISupportedInterfaceOrientations_iPhone = "UIInterfaceOrientationPortrait UIInterfaceOrientationLandscapeLeft UIInterfaceOrientationLandscapeRight";
				LD_RUNPATH_SEARCH_PATHS = (
					"$(inherited)",
					"@executable_path/Frameworks",
				);
				MARKETING_VERSION = 1.0;
				PRODUCT_BUNDLE_IDENTIFIER = com.revature.E4;
				PRODUCT_NAME = "$(TARGET_NAME)";
				SWIFT_EMIT_LOC_STRINGS = YES;
				SWIFT_VERSION = 5.0;
				TARGETED_DEVICE_FAMILY = "1,2";
			};
			name = Release;
		};
		D0AA9DC8281D9C0A006B3982 /* Debug */ = {
			isa = XCBuildConfiguration;
			buildSettings = {
				ALWAYS_EMBED_SWIFT_STANDARD_LIBRARIES = YES;
				BUNDLE_LOADER = "$(TEST_HOST)";
				CODE_SIGN_STYLE = Automatic;
				CURRENT_PROJECT_VERSION = 1;
				GENERATE_INFOPLIST_FILE = YES;
				IPHONEOS_DEPLOYMENT_TARGET = 15.2;
				MARKETING_VERSION = 1.0;
				PRODUCT_BUNDLE_IDENTIFIER = com.revature.E4Tests;
				PRODUCT_NAME = "$(TARGET_NAME)";
				SWIFT_EMIT_LOC_STRINGS = NO;
				SWIFT_VERSION = 5.0;
				TARGETED_DEVICE_FAMILY = "1,2";
				TEST_HOST = "$(BUILT_PRODUCTS_DIR)/E4.app/E4";
			};
			name = Debug;
		};
		D0AA9DC9281D9C0A006B3982 /* Release */ = {
			isa = XCBuildConfiguration;
			buildSettings = {
				ALWAYS_EMBED_SWIFT_STANDARD_LIBRARIES = YES;
				BUNDLE_LOADER = "$(TEST_HOST)";
				CODE_SIGN_STYLE = Automatic;
				CURRENT_PROJECT_VERSION = 1;
				GENERATE_INFOPLIST_FILE = YES;
				IPHONEOS_DEPLOYMENT_TARGET = 15.2;
				MARKETING_VERSION = 1.0;
				PRODUCT_BUNDLE_IDENTIFIER = com.revature.E4Tests;
				PRODUCT_NAME = "$(TARGET_NAME)";
				SWIFT_EMIT_LOC_STRINGS = NO;
				SWIFT_VERSION = 5.0;
				TARGETED_DEVICE_FAMILY = "1,2";
				TEST_HOST = "$(BUILT_PRODUCTS_DIR)/E4.app/E4";
			};
			name = Release;
		};
		D0AA9DCB281D9C0A006B3982 /* Debug */ = {
			isa = XCBuildConfiguration;
			buildSettings = {
				ALWAYS_EMBED_SWIFT_STANDARD_LIBRARIES = YES;
				CODE_SIGN_STYLE = Automatic;
				CURRENT_PROJECT_VERSION = 1;
				GENERATE_INFOPLIST_FILE = YES;
				MARKETING_VERSION = 1.0;
				PRODUCT_BUNDLE_IDENTIFIER = com.revature.E4UITests;
				PRODUCT_NAME = "$(TARGET_NAME)";
				SWIFT_EMIT_LOC_STRINGS = NO;
				SWIFT_VERSION = 5.0;
				TARGETED_DEVICE_FAMILY = "1,2";
				TEST_TARGET_NAME = E4;
			};
			name = Debug;
		};
		D0AA9DCC281D9C0A006B3982 /* Release */ = {
			isa = XCBuildConfiguration;
			buildSettings = {
				ALWAYS_EMBED_SWIFT_STANDARD_LIBRARIES = YES;
				CODE_SIGN_STYLE = Automatic;
				CURRENT_PROJECT_VERSION = 1;
				GENERATE_INFOPLIST_FILE = YES;
				MARKETING_VERSION = 1.0;
				PRODUCT_BUNDLE_IDENTIFIER = com.revature.E4UITests;
				PRODUCT_NAME = "$(TARGET_NAME)";
				SWIFT_EMIT_LOC_STRINGS = NO;
				SWIFT_VERSION = 5.0;
				TARGETED_DEVICE_FAMILY = "1,2";
				TEST_TARGET_NAME = E4;
			};
			name = Release;
		};
/* End XCBuildConfiguration section */

/* Begin XCConfigurationList section */
		D0AA9D9B281D9C08006B3982 /* Build configuration list for PBXProject "E4" */ = {
			isa = XCConfigurationList;
			buildConfigurations = (
				D0AA9DC2281D9C0A006B3982 /* Debug */,
				D0AA9DC3281D9C0A006B3982 /* Release */,
			);
			defaultConfigurationIsVisible = 0;
			defaultConfigurationName = Release;
		};
		D0AA9DC4281D9C0A006B3982 /* Build configuration list for PBXNativeTarget "E4" */ = {
			isa = XCConfigurationList;
			buildConfigurations = (
				D0AA9DC5281D9C0A006B3982 /* Debug */,
				D0AA9DC6281D9C0A006B3982 /* Release */,
			);
			defaultConfigurationIsVisible = 0;
			defaultConfigurationName = Release;
		};
		D0AA9DC7281D9C0A006B3982 /* Build configuration list for PBXNativeTarget "E4Tests" */ = {
			isa = XCConfigurationList;
			buildConfigurations = (
				D0AA9DC8281D9C0A006B3982 /* Debug */,
				D0AA9DC9281D9C0A006B3982 /* Release */,
			);
			defaultConfigurationIsVisible = 0;
			defaultConfigurationName = Release;
		};
		D0AA9DCA281D9C0A006B3982 /* Build configuration list for PBXNativeTarget "E4UITests" */ = {
			isa = XCConfigurationList;
			buildConfigurations = (
				D0AA9DCB281D9C0A006B3982 /* Debug */,
				D0AA9DCC281D9C0A006B3982 /* Release */,
			);
			defaultConfigurationIsVisible = 0;
			defaultConfigurationName = Release;
		};
/* End XCConfigurationList section */
	};
	rootObject = D0AA9D98281D9C08006B3982 /* Project object */;
}
