// !$*UTF8*$!
{
	archiveVersion = 1;
	classes = {
	};
	objectVersion = 55;
	objects = {

/* Begin PBXBuildFile section */
		D09AEF0D281EEE2E00688C57 /* E11App.swift in Sources */ = {isa = PBXBuildFile; fileRef = D09AEF0C281EEE2E00688C57 /* E11App.swift */; };
		D09AEF0F281EEE2E00688C57 /* ContentView.swift in Sources */ = {isa = PBXBuildFile; fileRef = D09AEF0E281EEE2E00688C57 /* ContentView.swift */; };
		D09AEF11281EEE2F00688C57 /* Assets.xcassets in Resources */ = {isa = PBXBuildFile; fileRef = D09AEF10281EEE2F00688C57 /* Assets.xcassets */; };
		D09AEF14281EEE2F00688C57 /* Preview Assets.xcassets in Resources */ = {isa = PBXBuildFile; fileRef = D09AEF13281EEE2F00688C57 /* Preview Assets.xcassets */; };
		D09AEF1E281EEE2F00688C57 /* E11Tests.swift in Sources */ = {isa = PBXBuildFile; fileRef = D09AEF1D281EEE2F00688C57 /* E11Tests.swift */; };
		D09AEF39281EEF5000688C57 /* Grid.swift in Sources */ = {isa = PBXBuildFile; fileRef = D09AEF38281EEF5000688C57 /* Grid.swift */; };
/* End PBXBuildFile section */

/* Begin PBXContainerItemProxy section */
		D09AEF1A281EEE2F00688C57 /* PBXContainerItemProxy */ = {
			isa = PBXContainerItemProxy;
			containerPortal = D09AEF01281EEE2E00688C57 /* Project object */;
			proxyType = 1;
			remoteGlobalIDString = D09AEF08281EEE2E00688C57;
			remoteInfo = E11;
		};
/* End PBXContainerItemProxy section */

/* Begin PBXFileReference section */
		D09AEF09281EEE2E00688C57 /* E11.app */ = {isa = PBXFileReference; explicitFileType = wrapper.application; includeInIndex = 0; path = E11.app; sourceTree = BUILT_PRODUCTS_DIR; };
		D09AEF0C281EEE2E00688C57 /* E11App.swift */ = {isa = PBXFileReference; lastKnownFileType = sourcecode.swift; path = E11App.swift; sourceTree = "<group>"; };
		D09AEF0E281EEE2E00688C57 /* ContentView.swift */ = {isa = PBXFileReference; lastKnownFileType = sourcecode.swift; path = ContentView.swift; sourceTree = "<group>"; };
		D09AEF10281EEE2F00688C57 /* Assets.xcassets */ = {isa = PBXFileReference; lastKnownFileType = folder.assetcatalog; path = Assets.xcassets; sourceTree = "<group>"; };
		D09AEF13281EEE2F00688C57 /* Preview Assets.xcassets */ = {isa = PBXFileReference; lastKnownFileType = folder.assetcatalog; path = "Preview Assets.xcassets"; sourceTree = "<group>"; };
		D09AEF19281EEE2F00688C57 /* E11Tests.xctest */ = {isa = PBXFileReference; explicitFileType = wrapper.cfbundle; includeInIndex = 0; path = E11Tests.xctest; sourceTree = BUILT_PRODUCTS_DIR; };
		D09AEF1D281EEE2F00688C57 /* E11Tests.swift */ = {isa = PBXFileReference; lastKnownFileType = sourcecode.swift; path = E11Tests.swift; sourceTree = "<group>"; };
		D09AEF38281EEF5000688C57 /* Grid.swift */ = {isa = PBXFileReference; fileEncoding = 4; lastKnownFileType = sourcecode.swift; path = Grid.swift; sourceTree = "<group>"; };
/* End PBXFileReference section */

/* Begin PBXFrameworksBuildPhase section */
		D09AEF06281EEE2E00688C57 /* Frameworks */ = {
			isa = PBXFrameworksBuildPhase;
			buildActionMask = 2147483647;
			files = (
			);
			runOnlyForDeploymentPostprocessing = 0;
		};
		D09AEF16281EEE2F00688C57 /* Frameworks */ = {
			isa = PBXFrameworksBuildPhase;
			buildActionMask = 2147483647;
			files = (
			);
			runOnlyForDeploymentPostprocessing = 0;
		};
/* End PBXFrameworksBuildPhase section */

/* Begin PBXGroup section */
		D09AEF00281EEE2E00688C57 = {
			isa = PBXGroup;
			children = (
				D09AEF0B281EEE2E00688C57 /* E11 */,
				D09AEF1C281EEE2F00688C57 /* E11Tests */,
				D09AEF0A281EEE2E00688C57 /* Products */,
			);
			sourceTree = "<group>";
		};
		D09AEF0A281EEE2E00688C57 /* Products */ = {
			isa = PBXGroup;
			children = (
				D09AEF09281EEE2E00688C57 /* E11.app */,
				D09AEF19281EEE2F00688C57 /* E11Tests.xctest */,
			);
			name = Products;
			sourceTree = "<group>";
		};
		D09AEF0B281EEE2E00688C57 /* E11 */ = {
			isa = PBXGroup;
			children = (
				D09AEF0C281EEE2E00688C57 /* E11App.swift */,
				D09AEF38281EEF5000688C57 /* Grid.swift */,
				D09AEF0E281EEE2E00688C57 /* ContentView.swift */,
				D09AEF10281EEE2F00688C57 /* Assets.xcassets */,
				D09AEF12281EEE2F00688C57 /* Preview Content */,
			);
			path = E11;
			sourceTree = "<group>";
		};
		D09AEF12281EEE2F00688C57 /* Preview Content */ = {
			isa = PBXGroup;
			children = (
				D09AEF13281EEE2F00688C57 /* Preview Assets.xcassets */,
			);
			path = "Preview Content";
			sourceTree = "<group>";
		};
		D09AEF1C281EEE2F00688C57 /* E11Tests */ = {
			isa = PBXGroup;
			children = (
				D09AEF1D281EEE2F00688C57 /* E11Tests.swift */,
			);
			path = E11Tests;
			sourceTree = "<group>";
		};
/* End PBXGroup section */

/* Begin PBXNativeTarget section */
		D09AEF08281EEE2E00688C57 /* E11 */ = {
			isa = PBXNativeTarget;
			buildConfigurationList = D09AEF2D281EEE2F00688C57 /* Build configuration list for PBXNativeTarget "E11" */;
			buildPhases = (
				D09AEF05281EEE2E00688C57 /* Sources */,
				D09AEF06281EEE2E00688C57 /* Frameworks */,
				D09AEF07281EEE2E00688C57 /* Resources */,
			);
			buildRules = (
			);
			dependencies = (
			);
			name = E11;
			productName = E11;
			productReference = D09AEF09281EEE2E00688C57 /* E11.app */;
			productType = "com.apple.product-type.application";
		};
		D09AEF18281EEE2F00688C57 /* E11Tests */ = {
			isa = PBXNativeTarget;
			buildConfigurationList = D09AEF30281EEE2F00688C57 /* Build configuration list for PBXNativeTarget "E11Tests" */;
			buildPhases = (
				D09AEF15281EEE2F00688C57 /* Sources */,
				D09AEF16281EEE2F00688C57 /* Frameworks */,
				D09AEF17281EEE2F00688C57 /* Resources */,
			);
			buildRules = (
			);
			dependencies = (
				D09AEF1B281EEE2F00688C57 /* PBXTargetDependency */,
			);
			name = E11Tests;
			productName = E11Tests;
			productReference = D09AEF19281EEE2F00688C57 /* E11Tests.xctest */;
			productType = "com.apple.product-type.bundle.unit-test";
		};
/* End PBXNativeTarget section */

/* Begin PBXProject section */
		D09AEF01281EEE2E00688C57 /* Project object */ = {
			isa = PBXProject;
			attributes = {
				BuildIndependentTargetsInParallel = 1;
				LastSwiftUpdateCheck = 1320;
				LastUpgradeCheck = 1320;
				TargetAttributes = {
					D09AEF08281EEE2E00688C57 = {
						CreatedOnToolsVersion = 13.2.1;
					};
					D09AEF18281EEE2F00688C57 = {
						CreatedOnToolsVersion = 13.2.1;
						TestTargetID = D09AEF08281EEE2E00688C57;
					};
				};
			};
			buildConfigurationList = D09AEF04281EEE2E00688C57 /* Build configuration list for PBXProject "E11" */;
			compatibilityVersion = "Xcode 13.0";
			developmentRegion = en;
			hasScannedForEncodings = 0;
			knownRegions = (
				en,
				Base,
			);
			mainGroup = D09AEF00281EEE2E00688C57;
			productRefGroup = D09AEF0A281EEE2E00688C57 /* Products */;
			projectDirPath = "";
			projectRoot = "";
			targets = (
				D09AEF08281EEE2E00688C57 /* E11 */,
				D09AEF18281EEE2F00688C57 /* E11Tests */,
			);
		};
/* End PBXProject section */

/* Begin PBXResourcesBuildPhase section */
		D09AEF07281EEE2E00688C57 /* Resources */ = {
			isa = PBXResourcesBuildPhase;
			buildActionMask = 2147483647;
			files = (
				D09AEF14281EEE2F00688C57 /* Preview Assets.xcassets in Resources */,
				D09AEF11281EEE2F00688C57 /* Assets.xcassets in Resources */,
			);
			runOnlyForDeploymentPostprocessing = 0;
		};
		D09AEF17281EEE2F00688C57 /* Resources */ = {
			isa = PBXResourcesBuildPhase;
			buildActionMask = 2147483647;
			files = (
			);
			runOnlyForDeploymentPostprocessing = 0;
		};
/* End PBXResourcesBuildPhase section */

/* Begin PBXSourcesBuildPhase section */
		D09AEF05281EEE2E00688C57 /* Sources */ = {
			isa = PBXSourcesBuildPhase;
			buildActionMask = 2147483647;
			files = (
				D09AEF0F281EEE2E00688C57 /* ContentView.swift in Sources */,
				D09AEF0D281EEE2E00688C57 /* E11App.swift in Sources */,
				D09AEF39281EEF5000688C57 /* Grid.swift in Sources */,
			);
			runOnlyForDeploymentPostprocessing = 0;
		};
		D09AEF15281EEE2F00688C57 /* Sources */ = {
			isa = PBXSourcesBuildPhase;
			buildActionMask = 2147483647;
			files = (
				D09AEF1E281EEE2F00688C57 /* E11Tests.swift in Sources */,
			);
			runOnlyForDeploymentPostprocessing = 0;
		};
/* End PBXSourcesBuildPhase section */

/* Begin PBXTargetDependency section */
		D09AEF1B281EEE2F00688C57 /* PBXTargetDependency */ = {
			isa = PBXTargetDependency;
			target = D09AEF08281EEE2E00688C57 /* E11 */;
			targetProxy = D09AEF1A281EEE2F00688C57 /* PBXContainerItemProxy */;
		};
/* End PBXTargetDependency section */

/* Begin XCBuildConfiguration section */
		D09AEF2B281EEE2F00688C57 /* Debug */ = {
			isa = XCBuildConfiguration;
			buildSettings = {
				ALWAYS_SEARCH_USER_PATHS = NO;
				CLANG_ANALYZER_NONNULL = YES;
				CLANG_ANALYZER_NUMBER_OBJECT_CONVERSION = YES_AGGRESSIVE;
				CLANG_CXX_LANGUAGE_STANDARD = "gnu++17";
				CLANG_CXX_LIBRARY = "libc++";
				CLANG_ENABLE_MODULES = YES;
				CLANG_ENABLE_OBJC_ARC = YES;
				CLANG_ENABLE_OBJC_WEAK = YES;
				CLANG_WARN_BLOCK_CAPTURE_AUTORELEASING = YES;
				CLANG_WARN_BOOL_CONVERSION = YES;
				CLANG_WARN_COMMA = YES;
				CLANG_WARN_CONSTANT_CONVERSION = YES;
				CLANG_WARN_DEPRECATED_OBJC_IMPLEMENTATIONS = YES;
				CLANG_WARN_DIRECT_OBJC_ISA_USAGE = YES_ERROR;
				CLANG_WARN_DOCUMENTATION_COMMENTS = YES;
				CLANG_WARN_EMPTY_BODY = YES;
				CLANG_WARN_ENUM_CONVERSION = YES;
				CLANG_WARN_INFINITE_RECURSION = YES;
				CLANG_WARN_INT_CONVERSION = YES;
				CLANG_WARN_NON_LITERAL_NULL_CONVERSION = YES;
				CLANG_WARN_OBJC_IMPLICIT_RETAIN_SELF = YES;
				CLANG_WARN_OBJC_LITERAL_CONVERSION = YES;
				CLANG_WARN_OBJC_ROOT_CLASS = YES_ERROR;
				CLANG_WARN_QUOTED_INCLUDE_IN_FRAMEWORK_HEADER = YES;
				CLANG_WARN_RANGE_LOOP_ANALYSIS = YES;
				CLANG_WARN_STRICT_PROTOTYPES = YES;
				CLANG_WARN_SUSPICIOUS_MOVE = YES;
				CLANG_WARN_UNGUARDED_AVAILABILITY = YES_AGGRESSIVE;
				CLANG_WARN_UNREACHABLE_CODE = YES;
				CLANG_WARN__DUPLICATE_METHOD_MATCH = YES;
				COPY_PHASE_STRIP = NO;
				DEBUG_INFORMATION_FORMAT = dwarf;
				ENABLE_STRICT_OBJC_MSGSEND = YES;
				ENABLE_TESTABILITY = YES;
				GCC_C_LANGUAGE_STANDARD = gnu11;
				GCC_DYNAMIC_NO_PIC = NO;
				GCC_NO_COMMON_BLOCKS = YES;
				GCC_OPTIMIZATION_LEVEL = 0;
				GCC_PREPROCESSOR_DEFINITIONS = (
					"DEBUG=1",
					"$(inherited)",
				);
				GCC_WARN_64_TO_32_BIT_CONVERSION = YES;
				GCC_WARN_ABOUT_RETURN_TYPE = YES_ERROR;
				GCC_WARN_UNDECLARED_SELECTOR = YES;
				GCC_WARN_UNINITIALIZED_AUTOS = YES_AGGRESSIVE;
				GCC_WARN_UNUSED_FUNCTION = YES;
				GCC_WARN_UNUSED_VARIABLE = YES;
				IPHONEOS_DEPLOYMENT_TARGET = 15.2;
				MTL_ENABLE_DEBUG_INFO = INCLUDE_SOURCE;
				MTL_FAST_MATH = YES;
				ONLY_ACTIVE_ARCH = YES;
				SDKROOT = iphoneos;
				SWIFT_ACTIVE_COMPILATION_CONDITIONS = DEBUG;
				SWIFT_OPTIMIZATION_LEVEL = "-Onone";
			};
			name = Debug;
		};
		D09AEF2C281EEE2F00688C57 /* Release */ = {
			isa = XCBuildConfiguration;
			buildSettings = {
				ALWAYS_SEARCH_USER_PATHS = NO;
				CLANG_ANALYZER_NONNULL = YES;
				CLANG_ANALYZER_NUMBER_OBJECT_CONVERSION = YES_AGGRESSIVE;
				CLANG_CXX_LANGUAGE_STANDARD = "gnu++17";
				CLANG_CXX_LIBRARY = "libc++";
				CLANG_ENABLE_MODULES = YES;
				CLANG_ENABLE_OBJC_ARC = YES;
				CLANG_ENABLE_OBJC_WEAK = YES;
				CLANG_WARN_BLOCK_CAPTURE_AUTORELEASING = YES;
				CLANG_WARN_BOOL_CONVERSION = YES;
				CLANG_WARN_COMMA = YES;
				CLANG_WARN_CONSTANT_CONVERSION = YES;
				CLANG_WARN_DEPRECATED_OBJC_IMPLEMENTATIONS = YES;
				CLANG_WARN_DIRECT_OBJC_ISA_USAGE = YES_ERROR;
				CLANG_WARN_DOCUMENTATION_COMMENTS = YES;
				CLANG_WARN_EMPTY_BODY = YES;
				CLANG_WARN_ENUM_CONVERSION = YES;
				CLANG_WARN_INFINITE_RECURSION = YES;
				CLANG_WARN_INT_CONVERSION = YES;
				CLANG_WARN_NON_LITERAL_NULL_CONVERSION = YES;
				CLANG_WARN_OBJC_IMPLICIT_RETAIN_SELF = YES;
				CLANG_WARN_OBJC_LITERAL_CONVERSION = YES;
				CLANG_WARN_OBJC_ROOT_CLASS = YES_ERROR;
				CLANG_WARN_QUOTED_INCLUDE_IN_FRAMEWORK_HEADER = YES;
				CLANG_WARN_RANGE_LOOP_ANALYSIS = YES;
				CLANG_WARN_STRICT_PROTOTYPES = YES;
				CLANG_WARN_SUSPICIOUS_MOVE = YES;
				CLANG_WARN_UNGUARDED_AVAILABILITY = YES_AGGRESSIVE;
				CLANG_WARN_UNREACHABLE_CODE = YES;
				CLANG_WARN__DUPLICATE_METHOD_MATCH = YES;
				COPY_PHASE_STRIP = NO;
				DEBUG_INFORMATION_FORMAT = "dwarf-with-dsym";
				ENABLE_NS_ASSERTIONS = NO;
				ENABLE_STRICT_OBJC_MSGSEND = YES;
				GCC_C_LANGUAGE_STANDARD = gnu11;
				GCC_NO_COMMON_BLOCKS = YES;
				GCC_WARN_64_TO_32_BIT_CONVERSION = YES;
				GCC_WARN_ABOUT_RETURN_TYPE = YES_ERROR;
				GCC_WARN_UNDECLARED_SELECTOR = YES;
				GCC_WARN_UNINITIALIZED_AUTOS = YES_AGGRESSIVE;
				GCC_WARN_UNUSED_FUNCTION = YES;
				GCC_WARN_UNUSED_VARIABLE = YES;
				IPHONEOS_DEPLOYMENT_TARGET = 15.2;
				MTL_ENABLE_DEBUG_INFO = NO;
				MTL_FAST_MATH = YES;
				SDKROOT = iphoneos;
				SWIFT_COMPILATION_MODE = wholemodule;
				SWIFT_OPTIMIZATION_LEVEL = "-O";
				VALIDATE_PRODUCT = YES;
			};
			name = Release;
		};
		D09AEF2E281EEE2F00688C57 /* Debug */ = {
			isa = XCBuildConfiguration;
			buildSettings = {
				ASSETCATALOG_COMPILER_APPICON_NAME = AppIcon;
				ASSETCATALOG_COMPILER_GLOBAL_ACCENT_COLOR_NAME = AccentColor;
				CODE_SIGN_STYLE = Automatic;
				CURRENT_PROJECT_VERSION = 1;
				DEVELOPMENT_ASSET_PATHS = "\"E11/Preview Content\"";
				DEVELOPMENT_TEAM = T5DP45YCU9;
				ENABLE_PREVIEWS = YES;
				GENERATE_INFOPLIST_FILE = YES;
				INFOPLIST_KEY_UIApplicationSceneManifest_Generation = YES;
				INFOPLIST_KEY_UIApplicationSupportsIndirectInputEvents = YES;
				INFOPLIST_KEY_UILaunchScreen_Generation = YES;
				INFOPLIST_KEY_UISupportedInterfaceOrientations_iPad = "UIInterfaceOrientationPortrait UIInterfaceOrientationPortraitUpsideDown UIInterfaceOrientationLandscapeLeft UIInterfaceOrientationLandscapeRight";
				INFOPLIST_KEY_UISupportedInterfaceOrientations_iPhone = "UIInterfaceOrientationPortrait UIInterfaceOrientationLandscapeLeft UIInterfaceOrientationLandscapeRight";
				LD_RUNPATH_SEARCH_PATHS = (
					"$(inherited)",
					"@executable_path/Frameworks",
				);
				MARKETING_VERSION = 1.0;
				PRODUCT_BUNDLE_IDENTIFIER = com.revature.E11;
				PRODUCT_NAME = "$(TARGET_NAME)";
				SWIFT_EMIT_LOC_STRINGS = YES;
				SWIFT_VERSION = 5.0;
				TARGETED_DEVICE_FAMILY = "1,2";
			};
			name = Debug;
		};
		D09AEF2F281EEE2F00688C57 /* Release */ = {
			isa = XCBuildConfiguration;
			buildSettings = {
				ASSETCATALOG_COMPILER_APPICON_NAME = AppIcon;
				ASSETCATALOG_COMPILER_GLOBAL_ACCENT_COLOR_NAME = AccentColor;
				CODE_SIGN_STYLE = Automatic;
				CURRENT_PROJECT_VERSION = 1;
				DEVELOPMENT_ASSET_PATHS = "\"E11/Preview Content\"";
				DEVELOPMENT_TEAM = T5DP45YCU9;
				ENABLE_PREVIEWS = YES;
				GENERATE_INFOPLIST_FILE = YES;
				INFOPLIST_KEY_UIApplicationSceneManifest_Generation = YES;
				INFOPLIST_KEY_UIApplicationSupportsIndirectInputEvents = YES;
				INFOPLIST_KEY_UILaunchScreen_Generation = YES;
				INFOPLIST_KEY_UISupportedInterfaceOrientations_iPad = "UIInterfaceOrientationPortrait UIInterfaceOrientationPortraitUpsideDown UIInterfaceOrientationLandscapeLeft UIInterfaceOrientationLandscapeRight";
				INFOPLIST_KEY_UISupportedInterfaceOrientations_iPhone = "UIInterfaceOrientationPortrait UIInterfaceOrientationLandscapeLeft UIInterfaceOrientationLandscapeRight";
				LD_RUNPATH_SEARCH_PATHS = (
					"$(inherited)",
					"@executable_path/Frameworks",
				);
				MARKETING_VERSION = 1.0;
				PRODUCT_BUNDLE_IDENTIFIER = com.revature.E11;
				PRODUCT_NAME = "$(TARGET_NAME)";
				SWIFT_EMIT_LOC_STRINGS = YES;
				SWIFT_VERSION = 5.0;
				TARGETED_DEVICE_FAMILY = "1,2";
			};
			name = Release;
		};
		D09AEF31281EEE2F00688C57 /* Debug */ = {
			isa = XCBuildConfiguration;
			buildSettings = {
				ALWAYS_EMBED_SWIFT_STANDARD_LIBRARIES = YES;
				BUNDLE_LOADER = "$(TEST_HOST)";
				CODE_SIGN_STYLE = Automatic;
				CURRENT_PROJECT_VERSION = 1;
				DEVELOPMENT_TEAM = T5DP45YCU9;
				GENERATE_INFOPLIST_FILE = YES;
				IPHONEOS_DEPLOYMENT_TARGET = 15.2;
				MARKETING_VERSION = 1.0;
				PRODUCT_BUNDLE_IDENTIFIER = com.revature.E11Tests;
				PRODUCT_NAME = "$(TARGET_NAME)";
				SWIFT_EMIT_LOC_STRINGS = NO;
				SWIFT_VERSION = 5.0;
				TARGETED_DEVICE_FAMILY = "1,2";
				TEST_HOST = "$(BUILT_PRODUCTS_DIR)/E11.app/E11";
			};
			name = Debug;
		};
		D09AEF32281EEE2F00688C57 /* Release */ = {
			isa = XCBuildConfiguration;
			buildSettings = {
				ALWAYS_EMBED_SWIFT_STANDARD_LIBRARIES = YES;
				BUNDLE_LOADER = "$(TEST_HOST)";
				CODE_SIGN_STYLE = Automatic;
				CURRENT_PROJECT_VERSION = 1;
				DEVELOPMENT_TEAM = T5DP45YCU9;
				GENERATE_INFOPLIST_FILE = YES;
				IPHONEOS_DEPLOYMENT_TARGET = 15.2;
				MARKETING_VERSION = 1.0;
				PRODUCT_BUNDLE_IDENTIFIER = com.revature.E11Tests;
				PRODUCT_NAME = "$(TARGET_NAME)";
				SWIFT_EMIT_LOC_STRINGS = NO;
				SWIFT_VERSION = 5.0;
				TARGETED_DEVICE_FAMILY = "1,2";
				TEST_HOST = "$(BUILT_PRODUCTS_DIR)/E11.app/E11";
			};
			name = Release;
		};
/* End XCBuildConfiguration section */

/* Begin XCConfigurationList section */
		D09AEF04281EEE2E00688C57 /* Build configuration list for PBXProject "E11" */ = {
			isa = XCConfigurationList;
			buildConfigurations = (
				D09AEF2B281EEE2F00688C57 /* Debug */,
				D09AEF2C281EEE2F00688C57 /* Release */,
			);
			defaultConfigurationIsVisible = 0;
			defaultConfigurationName = Release;
		};
		D09AEF2D281EEE2F00688C57 /* Build configuration list for PBXNativeTarget "E11" */ = {
			isa = XCConfigurationList;
			buildConfigurations = (
				D09AEF2E281EEE2F00688C57 /* Debug */,
				D09AEF2F281EEE2F00688C57 /* Release */,
			);
			defaultConfigurationIsVisible = 0;
			defaultConfigurationName = Release;
		};
		D09AEF30281EEE2F00688C57 /* Build configuration list for PBXNativeTarget "E11Tests" */ = {
			isa = XCConfigurationList;
			buildConfigurations = (
				D09AEF31281EEE2F00688C57 /* Debug */,
				D09AEF32281EEE2F00688C57 /* Release */,
			);
			defaultConfigurationIsVisible = 0;
			defaultConfigurationName = Release;
		};
/* End XCConfigurationList section */
	};
	rootObject = D09AEF01281EEE2E00688C57 /* Project object */;
}
